// !$*UTF8*$!
{
	archiveVersion = 1;
	classes = {
	};
	objectVersion = 77;
	objects = {

/* Begin PBXBuildFile section */
		C904AD8B2F48C64A0068AC3A /* libSocialModels.a in Frameworks */ = {isa = PBXBuildFile; fileRef = C948D8752F48C32900F497C6 /* libSocialModels.a */; };
		C904AD8E2F48D9740068AC3A /* libStorage.a in Frameworks */ = {isa = PBXBuildFile; fileRef = C9AB8EE82D5628C300B1462F /* libStorage.a */; };
		C904ADA02F48DB0E0068AC3A /* Algorithms in Frameworks */ = {isa = PBXBuildFile; productRef = C904AD9F2F48DB0E0068AC3A /* Algorithms */; };
		C904ADBB2F48E5010068AC3A /* libUtility.a in Frameworks */ = {isa = PBXBuildFile; fileRef = C95FC5BC2CE540980093AB32 /* libUtility.a */; };
		C904ADBC2F48E5100068AC3A /* libUtility.a in Frameworks */ = {isa = PBXBuildFile; fileRef = C95FC5BC2CE540980093AB32 /* libUtility.a */; };
		C91D81A12D01F06E007D1E82 /* libSettings.a in Frameworks */ = {isa = PBXBuildFile; fileRef = C91D81922D01EFFF007D1E82 /* libSettings.a */; };
		C92CD7432DB143DE00964B90 /* Jot in Frameworks */ = {isa = PBXBuildFile; productRef = C92CD7422DB143DE00964B90 /* Jot */; };
		C92CD7482DB1483900964B90 /* Jot in Frameworks */ = {isa = PBXBuildFile; productRef = C92CD7472DB1483900964B90 /* Jot */; };
		C941713A2D5A2081009079D3 /* Reblog in Frameworks */ = {isa = PBXBuildFile; productRef = C94171392D5A2081009079D3 /* Reblog */; };
		C941713D2D5A2313009079D3 /* Reblog in Frameworks */ = {isa = PBXBuildFile; productRef = C941713C2D5A2313009079D3 /* Reblog */; };
		C948CDC12F2520A300F497C6 /* libSocialClients.a in Frameworks */ = {isa = PBXBuildFile; fileRef = C92217D82CED1C80006C34BC /* libSocialClients.a */; };
		C948CDC42F27FBA300F497C6 /* Algorithms in Frameworks */ = {isa = PBXBuildFile; productRef = C948CDC32F27FBA300F497C6 /* Algorithms */; };
		C948CDC82F2914A900F497C6 /* Algorithms in Frameworks */ = {isa = PBXBuildFile; productRef = C948CDC72F2914A900F497C6 /* Algorithms */; };
		C948CDC92F2914CF00F497C6 /* libTimeline.a in Frameworks */ = {isa = PBXBuildFile; fileRef = C9CDBBCF2D577BC60000E010 /* libTimeline.a */; };
		C948CDCB2F2914F300F497C6 /* Algorithms in Frameworks */ = {isa = PBXBuildFile; productRef = C948CDCA2F2914F300F497C6 /* Algorithms */; };
		C948D6A72F47779700F497C6 /* Reblog in Frameworks */ = {isa = PBXBuildFile; productRef = C948D6A62F47779700F497C6 /* Reblog */; };
		C948D7312F4798CC00F497C6 /* libProfiles.a in Frameworks */ = {isa = PBXBuildFile; fileRef = C948D20B2F3A6B4E00F497C6 /* libProfiles.a */; };
		C948D7322F47991900F497C6 /* libSocialClients.a in Frameworks */ = {isa = PBXBuildFile; fileRef = C92217D82CED1C80006C34BC /* libSocialClients.a */; };
		C948D7382F479A6500F497C6 /* libUtility.a in Frameworks */ = {isa = PBXBuildFile; fileRef = C95FC5BC2CE540980093AB32 /* libUtility.a */; };
		C948D8802F48C3B600F497C6 /* libSocialModels.a in Frameworks */ = {isa = PBXBuildFile; fileRef = C948D8752F48C32900F497C6 /* libSocialModels.a */; };
		C95FC5A02CE5122D0093AB32 /* OAuthenticator in Frameworks */ = {isa = PBXBuildFile; productRef = C95FC59F2CE5122D0093AB32 /* OAuthenticator */; };
		C95FC5B32CE536B70093AB32 /* Valet in Frameworks */ = {isa = PBXBuildFile; productRef = C95FC5B22CE536B70093AB32 /* Valet */; };
		C95FC5D02CE542800093AB32 /* libUtility.a in Frameworks */ = {isa = PBXBuildFile; fileRef = C95FC5BC2CE540980093AB32 /* libUtility.a */; };
		C963AAB22CF0EF960046E33B /* libSocialClients.a in Frameworks */ = {isa = PBXBuildFile; fileRef = C92217D82CED1C80006C34BC /* libSocialClients.a */; };
		C992AF5F2F1FFB9E00145BC9 /* AsyncAlgorithms in Frameworks */ = {isa = PBXBuildFile; productRef = C992AF5E2F1FFB9E00145BC9 /* AsyncAlgorithms */; };
		C9AB8D4B2D53C63700B1462F /* ATResolve in Frameworks */ = {isa = PBXBuildFile; productRef = C9AB8D4A2D53C63700B1462F /* ATResolve */; };
		C9AB8DAF2D53CAA100B1462F /* ATResolve in Frameworks */ = {isa = PBXBuildFile; productRef = C9AB8DAE2D53CAA100B1462F /* ATResolve */; };
		C9AB8DB22D53CBD900B1462F /* ATResolve in Frameworks */ = {isa = PBXBuildFile; productRef = C9AB8DB12D53CBD900B1462F /* ATResolve */; };
		C9AB8E262D53EC1600B1462F /* libUIUtility.a in Frameworks */ = {isa = PBXBuildFile; fileRef = C9AB8E152D53EB8700B1462F /* libUIUtility.a */; };
		C9AB8F042D562A0C00B1462F /* libStorage.a in Frameworks */ = {isa = PBXBuildFile; fileRef = C9AB8EE82D5628C300B1462F /* libStorage.a */; };
		C9B0E0572DBC11CC008F2A2D /* Empire in Frameworks */ = {isa = PBXBuildFile; productRef = C9B0E0562DBC11CC008F2A2D /* Empire */; };
		C9CCAD1F2D5693AD0025654D /* ATAT in Frameworks */ = {isa = PBXBuildFile; productRef = C9CCAD1E2D5693AD0025654D /* ATAT */; };
		C9CDBBCA2D5779500000E010 /* ATAT in Frameworks */ = {isa = PBXBuildFile; productRef = C9CDBBC92D5779500000E010 /* ATAT */; };
		C9CDBBE02D577C230000E010 /* libTimeline.a in Frameworks */ = {isa = PBXBuildFile; fileRef = C9CDBBCF2D577BC60000E010 /* libTimeline.a */; };
		C9CDBBE52D577C6B0000E010 /* ATResolve in Frameworks */ = {isa = PBXBuildFile; productRef = C9CDBBE42D577C6B0000E010 /* ATResolve */; };
		CF9EC9502F2D0A61000F86B0 /* Empire in Frameworks */ = {isa = PBXBuildFile; productRef = CF9EC94F2F2D0A61000F86B0 /* Empire */; };
		CF9EC9582F2D10A2000F86B0 /* OAuthenticator in Frameworks */ = {isa = PBXBuildFile; productRef = CF9EC9572F2D10A2000F86B0 /* OAuthenticator */; };
		CF9EC95A2F2D10A2000F86B0 /* Jot in Frameworks */ = {isa = PBXBuildFile; productRef = CF9EC9592F2D10A2000F86B0 /* Jot */; };
		CF9EC9612F2D10A2000F86B0 /* libStorage.a in Frameworks */ = {isa = PBXBuildFile; fileRef = C9AB8EE82D5628C300B1462F /* libStorage.a */; };
		CFF0BFD72F2D191B00E437FF /* ATAT in Frameworks */ = {isa = PBXBuildFile; productRef = CFF0BFD62F2D191B00E437FF /* ATAT */; };
		CFF0BFD92F2D1B8000E437FF /* Reblog in Frameworks */ = {isa = PBXBuildFile; productRef = CFF0BFD82F2D1B8000E437FF /* Reblog */; };
		CFF0BFDB2F2D1BF000E437FF /* Empire in Frameworks */ = {isa = PBXBuildFile; productRef = CFF0BFDA2F2D1BF000E437FF /* Empire */; };
		CFF0BFDC2F2D1BF000E437FF /* libSocialClients.a in Frameworks */ = {isa = PBXBuildFile; fileRef = C92217D82CED1C80006C34BC /* libSocialClients.a */; };
		CFF0BFDF2F2D1BF000E437FF /* libStorage.a in Frameworks */ = {isa = PBXBuildFile; fileRef = C9AB8EE82D5628C300B1462F /* libStorage.a */; };
		CFF0BFE22F2D1BF000E437FF /* libUtility.a in Frameworks */ = {isa = PBXBuildFile; fileRef = C95FC5BC2CE540980093AB32 /* libUtility.a */; };
		CFF0BFE72F2D1C3E00E437FF /* libStorage.a in Frameworks */ = {isa = PBXBuildFile; fileRef = C9AB8EE82D5628C300B1462F /* libStorage.a */; };
		CFF0BFEA2F2D1C4100E437FF /* libSocialClients.a in Frameworks */ = {isa = PBXBuildFile; fileRef = C92217D82CED1C80006C34BC /* libSocialClients.a */; };
		CFF0BFED2F2D1D0000E437FF /* libUIUtility.a in Frameworks */ = {isa = PBXBuildFile; fileRef = C9AB8E152D53EB8700B1462F /* libUIUtility.a */; };
/* End PBXBuildFile section */

/* Begin PBXContainerItemProxy section */
		C91D81AB2D020BB0007D1E82 /* PBXContainerItemProxy */ = {
			isa = PBXContainerItemProxy;
			containerPortal = C95FC5682CE50FF30093AB32 /* Project object */;
			proxyType = 1;
			remoteGlobalIDString = C92217D72CED1C80006C34BC;
			remoteInfo = CompositeSocialService;
		};
		C9416F042D58B84F009079D3 /* PBXContainerItemProxy */ = {
			isa = PBXContainerItemProxy;
			containerPortal = C95FC5682CE50FF30093AB32 /* Project object */;
			proxyType = 1;
			remoteGlobalIDString = C9AB8EE72D5628C300B1462F;
			remoteInfo = Storage;
		};
		C95FC5822CE50FF40093AB32 /* PBXContainerItemProxy */ = {
			isa = PBXContainerItemProxy;
			containerPortal = C95FC5682CE50FF30093AB32 /* Project object */;
			proxyType = 1;
			remoteGlobalIDString = C95FC56F2CE50FF30093AB32;
			remoteInfo = Multipass;
		};
		C95FC58C2CE50FF40093AB32 /* PBXContainerItemProxy */ = {
			isa = PBXContainerItemProxy;
			containerPortal = C95FC5682CE50FF30093AB32 /* Project object */;
			proxyType = 1;
			remoteGlobalIDString = C95FC56F2CE50FF30093AB32;
			remoteInfo = Multipass;
		};
		C9AB8E242D53EBE600B1462F /* PBXContainerItemProxy */ = {
			isa = PBXContainerItemProxy;
			containerPortal = C95FC5682CE50FF30093AB32 /* Project object */;
			proxyType = 1;
			remoteGlobalIDString = C9AB8E142D53EB8700B1462F;
			remoteInfo = UIUtility;
		};
		C9AB8F052D562B4D00B1462F /* PBXContainerItemProxy */ = {
			isa = PBXContainerItemProxy;
			containerPortal = C95FC5682CE50FF30093AB32 /* Project object */;
			proxyType = 1;
			remoteGlobalIDString = C9AB8EE72D5628C300B1462F;
			remoteInfo = Storage;
		};
		C9B0E05E2DBC1370008F2A2D /* PBXContainerItemProxy */ = {
			isa = PBXContainerItemProxy;
			containerPortal = C95FC5682CE50FF30093AB32 /* Project object */;
			proxyType = 1;
			remoteGlobalIDString = C9AB8EE72D5628C300B1462F;
			remoteInfo = Storage;
		};
		C9CDBBDE2D577C0E0000E010 /* PBXContainerItemProxy */ = {
			isa = PBXContainerItemProxy;
			containerPortal = C95FC5682CE50FF30093AB32 /* Project object */;
			proxyType = 1;
			remoteGlobalIDString = C92217D72CED1C80006C34BC;
			remoteInfo = CompositeSocialService;
		};
		CFF0BFEE2F2D1D0000E437FF /* PBXContainerItemProxy */ = {
			isa = PBXContainerItemProxy;
			containerPortal = C95FC5682CE50FF30093AB32 /* Project object */;
			proxyType = 1;
			remoteGlobalIDString = C9AB8E142D53EB8700B1462F;
			remoteInfo = UIUtility;
		};
/* End PBXContainerItemProxy section */

/* Begin PBXFileReference section */
		C91D81922D01EFFF007D1E82 /* libSettings.a */ = {isa = PBXFileReference; explicitFileType = archive.ar; includeInIndex = 0; path = libSettings.a; sourceTree = BUILT_PRODUCTS_DIR; };
		C92217D82CED1C80006C34BC /* libSocialClients.a */ = {isa = PBXFileReference; explicitFileType = archive.ar; includeInIndex = 0; path = libSocialClients.a; sourceTree = BUILT_PRODUCTS_DIR; };
		C948D20B2F3A6B4E00F497C6 /* libProfiles.a */ = {isa = PBXFileReference; explicitFileType = archive.ar; includeInIndex = 0; path = libProfiles.a; sourceTree = BUILT_PRODUCTS_DIR; };
		C948D8752F48C32900F497C6 /* libSocialModels.a */ = {isa = PBXFileReference; explicitFileType = archive.ar; includeInIndex = 0; path = libSocialModels.a; sourceTree = BUILT_PRODUCTS_DIR; };
		C95FC5702CE50FF30093AB32 /* Multipass.app */ = {isa = PBXFileReference; explicitFileType = wrapper.application; includeInIndex = 0; path = Multipass.app; sourceTree = BUILT_PRODUCTS_DIR; };
		C95FC5812CE50FF40093AB32 /* MultipassTests.xctest */ = {isa = PBXFileReference; explicitFileType = wrapper.cfbundle; includeInIndex = 0; path = MultipassTests.xctest; sourceTree = BUILT_PRODUCTS_DIR; };
		C95FC58B2CE50FF40093AB32 /* MultipassUITests.xctest */ = {isa = PBXFileReference; explicitFileType = wrapper.cfbundle; includeInIndex = 0; path = MultipassUITests.xctest; sourceTree = BUILT_PRODUCTS_DIR; };
		C95FC5BC2CE540980093AB32 /* libUtility.a */ = {isa = PBXFileReference; explicitFileType = archive.ar; includeInIndex = 0; path = libUtility.a; sourceTree = BUILT_PRODUCTS_DIR; };
		C9AB8E152D53EB8700B1462F /* libUIUtility.a */ = {isa = PBXFileReference; explicitFileType = archive.ar; includeInIndex = 0; path = libUIUtility.a; sourceTree = BUILT_PRODUCTS_DIR; };
		C9AB8EE82D5628C300B1462F /* libStorage.a */ = {isa = PBXFileReference; explicitFileType = archive.ar; includeInIndex = 0; path = libStorage.a; sourceTree = BUILT_PRODUCTS_DIR; };
		C9CDBBCF2D577BC60000E010 /* libTimeline.a */ = {isa = PBXFileReference; explicitFileType = archive.ar; includeInIndex = 0; path = libTimeline.a; sourceTree = BUILT_PRODUCTS_DIR; };
/* End PBXFileReference section */

/* Begin PBXFileSystemSynchronizedRootGroup section */
		C904ADAF2F48DD2C0068AC3A /* SocialModels */ = {
			isa = PBXFileSystemSynchronizedRootGroup;
			path = SocialModels;
			sourceTree = "<group>";
		};
		C9416F152D58B91D009079D3 /* UIUtility */ = {
			isa = PBXFileSystemSynchronizedRootGroup;
			path = UIUtility;
			sourceTree = "<group>";
		};
		C9416F2D2D58B9FC009079D3 /* Timeline */ = {
			isa = PBXFileSystemSynchronizedRootGroup;
			path = Timeline;
			sourceTree = "<group>";
		};
		C9416F3D2D58BA72009079D3 /* Settings */ = {
			isa = PBXFileSystemSynchronizedRootGroup;
			path = Settings;
			sourceTree = "<group>";
		};
		C9416F572D58BC6F009079D3 /* SocialClients */ = {
			isa = PBXFileSystemSynchronizedRootGroup;
			path = SocialClients;
			sourceTree = "<group>";
		};
		C9416F6E2D58BCF8009079D3 /* Utility */ = {
			isa = PBXFileSystemSynchronizedRootGroup;
			path = Utility;
			sourceTree = "<group>";
		};
		C948D2042F3A6B1300F497C6 /* Profiles */ = {
			isa = PBXFileSystemSynchronizedRootGroup;
			path = Profiles;
			sourceTree = "<group>";
		};
		C95FC5722CE50FF30093AB32 /* Multipass */ = {
			isa = PBXFileSystemSynchronizedRootGroup;
			path = Multipass;
			sourceTree = "<group>";
		};
		C95FC5842CE50FF40093AB32 /* MultipassTests */ = {
			isa = PBXFileSystemSynchronizedRootGroup;
			path = MultipassTests;
			sourceTree = "<group>";
		};
		C95FC58E2CE50FF40093AB32 /* MultipassUITests */ = {
			isa = PBXFileSystemSynchronizedRootGroup;
			path = MultipassUITests;
			sourceTree = "<group>";
		};
		C95FC5B42CE5399C0093AB32 /* Configurations */ = {
			isa = PBXFileSystemSynchronizedRootGroup;
			path = Configurations;
			sourceTree = "<group>";
		};
		C9B0E0C12DBC13E5008F2A2D /* Storage */ = {
			isa = PBXFileSystemSynchronizedRootGroup;
			path = Storage;
			sourceTree = "<group>";
		};
/* End PBXFileSystemSynchronizedRootGroup section */

/* Begin PBXFrameworksBuildPhase section */
		C91D81902D01EFFF007D1E82 /* Frameworks */ = {
			isa = PBXFrameworksBuildPhase;
			buildActionMask = 2147483647;
			files = (
				CFF0BFE22F2D1BF000E437FF /* libUtility.a in Frameworks */,
				CFF0BFDB2F2D1BF000E437FF /* Empire in Frameworks */,
				CFF0BFDC2F2D1BF000E437FF /* libSocialClients.a in Frameworks */,
				C9AB8DB22D53CBD900B1462F /* ATResolve in Frameworks */,
				CFF0BFDF2F2D1BF000E437FF /* libStorage.a in Frameworks */,
			);
			runOnlyForDeploymentPostprocessing = 0;
		};
		C92217D62CED1C80006C34BC /* Frameworks */ = {
			isa = PBXFrameworksBuildPhase;
			buildActionMask = 2147483647;
			files = (
				C904ADBC2F48E5100068AC3A /* libUtility.a in Frameworks */,
				C948D8802F48C3B600F497C6 /* libSocialModels.a in Frameworks */,
				CFF0BFD72F2D191B00E437FF /* ATAT in Frameworks */,
				CFF0BFD92F2D1B8000E437FF /* Reblog in Frameworks */,
				CF9EC9612F2D10A2000F86B0 /* libStorage.a in Frameworks */,
				C904ADA02F48DB0E0068AC3A /* Algorithms in Frameworks */,
				CF9EC95A2F2D10A2000F86B0 /* Jot in Frameworks */,
				CF9EC9582F2D10A2000F86B0 /* OAuthenticator in Frameworks */,
				C9AB8DAF2D53CAA100B1462F /* ATResolve in Frameworks */,
			);
			runOnlyForDeploymentPostprocessing = 0;
		};
		C948D2092F3A6B4E00F497C6 /* Frameworks */ = {
			isa = PBXFrameworksBuildPhase;
			buildActionMask = 2147483647;
			files = (
				C948D7382F479A6500F497C6 /* libUtility.a in Frameworks */,
				C948D7322F47991900F497C6 /* libSocialClients.a in Frameworks */,
			);
			runOnlyForDeploymentPostprocessing = 0;
		};
		C948D8732F48C32900F497C6 /* Frameworks */ = {
			isa = PBXFrameworksBuildPhase;
			buildActionMask = 2147483647;
			files = (
				C904ADBB2F48E5010068AC3A /* libUtility.a in Frameworks */,
				C904AD8E2F48D9740068AC3A /* libStorage.a in Frameworks */,
			);
			runOnlyForDeploymentPostprocessing = 0;
		};
		C95FC56D2CE50FF30093AB32 /* Frameworks */ = {
			isa = PBXFrameworksBuildPhase;
			buildActionMask = 2147483647;
			files = (
				C948D7312F4798CC00F497C6 /* libProfiles.a in Frameworks */,
				C9B0E0572DBC11CC008F2A2D /* Empire in Frameworks */,
				C92CD7432DB143DE00964B90 /* Jot in Frameworks */,
				C92CD7482DB1483900964B90 /* Jot in Frameworks */,
				C941713A2D5A2081009079D3 /* Reblog in Frameworks */,
				C941713D2D5A2313009079D3 /* Reblog in Frameworks */,
				C9CDBBE02D577C230000E010 /* libTimeline.a in Frameworks */,
				C9CDBBCA2D5779500000E010 /* ATAT in Frameworks */,
				C9AB8F042D562A0C00B1462F /* libStorage.a in Frameworks */,
				C9CCAD1F2D5693AD0025654D /* ATAT in Frameworks */,
				C9AB8E262D53EC1600B1462F /* libUIUtility.a in Frameworks */,
				C91D81A12D01F06E007D1E82 /* libSettings.a in Frameworks */,
				C963AAB22CF0EF960046E33B /* libSocialClients.a in Frameworks */,
				C948CDC42F27FBA300F497C6 /* Algorithms in Frameworks */,
				C95FC5D02CE542800093AB32 /* libUtility.a in Frameworks */,
				C95FC5A02CE5122D0093AB32 /* OAuthenticator in Frameworks */,
				C95FC5B32CE536B70093AB32 /* Valet in Frameworks */,
				C9AB8D4B2D53C63700B1462F /* ATResolve in Frameworks */,
				C992AF5F2F1FFB9E00145BC9 /* AsyncAlgorithms in Frameworks */,
			);
			runOnlyForDeploymentPostprocessing = 0;
		};
		C95FC57E2CE50FF40093AB32 /* Frameworks */ = {
			isa = PBXFrameworksBuildPhase;
			buildActionMask = 2147483647;
			files = (
				C948CDCB2F2914F300F497C6 /* Algorithms in Frameworks */,
				C948D6A72F47779700F497C6 /* Reblog in Frameworks */,
				C948CDC92F2914CF00F497C6 /* libTimeline.a in Frameworks */,
				C948CDC12F2520A300F497C6 /* libSocialClients.a in Frameworks */,
			);
			runOnlyForDeploymentPostprocessing = 0;
		};
		C95FC5882CE50FF40093AB32 /* Frameworks */ = {
			isa = PBXFrameworksBuildPhase;
			buildActionMask = 2147483647;
			files = (
			);
			runOnlyForDeploymentPostprocessing = 0;
		};
		C95FC5BA2CE540980093AB32 /* Frameworks */ = {
			isa = PBXFrameworksBuildPhase;
			buildActionMask = 2147483647;
			files = (
			);
			runOnlyForDeploymentPostprocessing = 0;
		};
		C9AB8E132D53EB8700B1462F /* Frameworks */ = {
			isa = PBXFrameworksBuildPhase;
			buildActionMask = 2147483647;
			files = (
			);
			runOnlyForDeploymentPostprocessing = 0;
		};
		C9AB8EE62D5628C300B1462F /* Frameworks */ = {
			isa = PBXFrameworksBuildPhase;
			buildActionMask = 2147483647;
			files = (
				CF9EC9502F2D0A61000F86B0 /* Empire in Frameworks */,
			);
			runOnlyForDeploymentPostprocessing = 0;
		};
		C9CDBBCD2D577BC60000E010 /* Frameworks */ = {
			isa = PBXFrameworksBuildPhase;
			buildActionMask = 2147483647;
			files = (
				C904AD8B2F48C64A0068AC3A /* libSocialModels.a in Frameworks */,
				CFF0BFED2F2D1D0000E437FF /* libUIUtility.a in Frameworks */,
				CFF0BFEA2F2D1C4100E437FF /* libSocialClients.a in Frameworks */,
				C948CDC82F2914A900F497C6 /* Algorithms in Frameworks */,
				C9CDBBE52D577C6B0000E010 /* ATResolve in Frameworks */,
				CFF0BFE72F2D1C3E00E437FF /* libStorage.a in Frameworks */,
			);
			runOnlyForDeploymentPostprocessing = 0;
		};
/* End PBXFrameworksBuildPhase section */

/* Begin PBXGroup section */
		C9416F132D58B918009079D3 /* Modules */ = {
			isa = PBXGroup;
			children = (
				C9416F572D58BC6F009079D3 /* SocialClients */,
				C948D2042F3A6B1300F497C6 /* Profiles */,
				C9416F3D2D58BA72009079D3 /* Settings */,
				C904ADAF2F48DD2C0068AC3A /* SocialModels */,
				C9B0E0C12DBC13E5008F2A2D /* Storage */,
				C9416F2D2D58B9FC009079D3 /* Timeline */,
				C9416F152D58B91D009079D3 /* UIUtility */,
				C9416F6E2D58BCF8009079D3 /* Utility */,
			);
			path = Modules;
			sourceTree = "<group>";
		};
		C95FC5672CE50FF30093AB32 = {
			isa = PBXGroup;
			children = (
				C95FC5B42CE5399C0093AB32 /* Configurations */,
				C95FC5722CE50FF30093AB32 /* Multipass */,
				C95FC5842CE50FF40093AB32 /* MultipassTests */,
				C95FC58E2CE50FF40093AB32 /* MultipassUITests */,
				C9416F132D58B918009079D3 /* Modules */,
				C95FC5CF2CE542800093AB32 /* Frameworks */,
				C95FC5712CE50FF30093AB32 /* Products */,
			);
			sourceTree = "<group>";
		};
		C95FC5712CE50FF30093AB32 /* Products */ = {
			isa = PBXGroup;
			children = (
				C95FC5702CE50FF30093AB32 /* Multipass.app */,
				C95FC5812CE50FF40093AB32 /* MultipassTests.xctest */,
				C95FC58B2CE50FF40093AB32 /* MultipassUITests.xctest */,
				C95FC5BC2CE540980093AB32 /* libUtility.a */,
				C92217D82CED1C80006C34BC /* libSocialClients.a */,
				C91D81922D01EFFF007D1E82 /* libSettings.a */,
				C9AB8E152D53EB8700B1462F /* libUIUtility.a */,
				C9AB8EE82D5628C300B1462F /* libStorage.a */,
				C9CDBBCF2D577BC60000E010 /* libTimeline.a */,
				C948D20B2F3A6B4E00F497C6 /* libProfiles.a */,
				C948D8752F48C32900F497C6 /* libSocialModels.a */,
			);
			name = Products;
			sourceTree = "<group>";
		};
		C95FC5CF2CE542800093AB32 /* Frameworks */ = {
			isa = PBXGroup;
			children = (
			);
			name = Frameworks;
			sourceTree = "<group>";
		};
/* End PBXGroup section */

/* Begin PBXHeadersBuildPhase section */
		C91D818E2D01EFFF007D1E82 /* Headers */ = {
			isa = PBXHeadersBuildPhase;
			buildActionMask = 2147483647;
			files = (
			);
			runOnlyForDeploymentPostprocessing = 0;
		};
		C92217D42CED1C80006C34BC /* Headers */ = {
			isa = PBXHeadersBuildPhase;
			buildActionMask = 2147483647;
			files = (
			);
			runOnlyForDeploymentPostprocessing = 0;
		};
		C948D2072F3A6B4E00F497C6 /* Headers */ = {
			isa = PBXHeadersBuildPhase;
			buildActionMask = 2147483647;
			files = (
			);
			runOnlyForDeploymentPostprocessing = 0;
		};
		C948D8712F48C32900F497C6 /* Headers */ = {
			isa = PBXHeadersBuildPhase;
			buildActionMask = 2147483647;
			files = (
			);
			runOnlyForDeploymentPostprocessing = 0;
		};
		C95FC5B82CE540980093AB32 /* Headers */ = {
			isa = PBXHeadersBuildPhase;
			buildActionMask = 2147483647;
			files = (
			);
			runOnlyForDeploymentPostprocessing = 0;
		};
		C9AB8E112D53EB8700B1462F /* Headers */ = {
			isa = PBXHeadersBuildPhase;
			buildActionMask = 2147483647;
			files = (
			);
			runOnlyForDeploymentPostprocessing = 0;
		};
		C9AB8EE42D5628C300B1462F /* Headers */ = {
			isa = PBXHeadersBuildPhase;
			buildActionMask = 2147483647;
			files = (
			);
			runOnlyForDeploymentPostprocessing = 0;
		};
		C9CDBBCB2D577BC60000E010 /* Headers */ = {
			isa = PBXHeadersBuildPhase;
			buildActionMask = 2147483647;
			files = (
			);
			runOnlyForDeploymentPostprocessing = 0;
		};
/* End PBXHeadersBuildPhase section */

/* Begin PBXNativeTarget section */
		C91D81912D01EFFF007D1E82 /* Settings */ = {
			isa = PBXNativeTarget;
			buildConfigurationList = C91D81982D01EFFF007D1E82 /* Build configuration list for PBXNativeTarget "Settings" */;
			buildPhases = (
				C91D818E2D01EFFF007D1E82 /* Headers */,
				C91D818F2D01EFFF007D1E82 /* Sources */,
				C91D81902D01EFFF007D1E82 /* Frameworks */,
			);
			buildRules = (
			);
			dependencies = (
				C9AB8F062D562B4D00B1462F /* PBXTargetDependency */,
				C9AB8E252D53EBE600B1462F /* PBXTargetDependency */,
				C91D81AC2D020BB0007D1E82 /* PBXTargetDependency */,
			);
			fileSystemSynchronizedGroups = (
				C9416F3D2D58BA72009079D3 /* Settings */,
			);
			name = Settings;
			packageProductDependencies = (
				C9AB8DB12D53CBD900B1462F /* ATResolve */,
				CFF0BFDA2F2D1BF000E437FF /* Empire */,
			);
			productName = Settings;
			productReference = C91D81922D01EFFF007D1E82 /* libSettings.a */;
			productType = "com.apple.product-type.library.static";
		};
		C92217D72CED1C80006C34BC /* SocialClients */ = {
			isa = PBXNativeTarget;
			buildConfigurationList = C92217DE2CED1C80006C34BC /* Build configuration list for PBXNativeTarget "SocialClients" */;
			buildPhases = (
				C92217D42CED1C80006C34BC /* Headers */,
				C92217D52CED1C80006C34BC /* Sources */,
				C92217D62CED1C80006C34BC /* Frameworks */,
			);
			buildRules = (
			);
			dependencies = (
				C9B0E05F2DBC1370008F2A2D /* PBXTargetDependency */,
				C92CD7452DB143E500964B90 /* PBXTargetDependency */,
				C9AB8D532D53CA2300B1462F /* PBXTargetDependency */,
				C963AABB2CF125200046E33B /* PBXTargetDependency */,
			);
			fileSystemSynchronizedGroups = (
				C9416F572D58BC6F009079D3 /* SocialClients */,
			);
			name = SocialClients;
			packageProductDependencies = (
				C9AB8DAE2D53CAA100B1462F /* ATResolve */,
				CF9EC9572F2D10A2000F86B0 /* OAuthenticator */,
				CF9EC9592F2D10A2000F86B0 /* Jot */,
				CFF0BFD62F2D191B00E437FF /* ATAT */,
				CFF0BFD82F2D1B8000E437FF /* Reblog */,
				C904AD9F2F48DB0E0068AC3A /* Algorithms */,
			);
			productName = CompositeSocialService;
			productReference = C92217D82CED1C80006C34BC /* libSocialClients.a */;
			productType = "com.apple.product-type.library.static";
		};
		C948D20A2F3A6B4E00F497C6 /* Profiles */ = {
			isa = PBXNativeTarget;
			buildConfigurationList = C948D2112F3A6B4E00F497C6 /* Build configuration list for PBXNativeTarget "Profiles" */;
			buildPhases = (
				C948D2072F3A6B4E00F497C6 /* Headers */,
				C948D2082F3A6B4E00F497C6 /* Sources */,
				C948D2092F3A6B4E00F497C6 /* Frameworks */,
			);
			buildRules = (
			);
			dependencies = (
			);
			fileSystemSynchronizedGroups = (
				C948D2042F3A6B1300F497C6 /* Profiles */,
			);
			name = Profiles;
			packageProductDependencies = (
			);
			productName = Profiles;
			productReference = C948D20B2F3A6B4E00F497C6 /* libProfiles.a */;
			productType = "com.apple.product-type.library.static";
		};
		C948D8742F48C32900F497C6 /* SocialModels */ = {
			isa = PBXNativeTarget;
			buildConfigurationList = C948D87B2F48C32900F497C6 /* Build configuration list for PBXNativeTarget "SocialModels" */;
			buildPhases = (
				C948D8712F48C32900F497C6 /* Headers */,
				C948D8722F48C32900F497C6 /* Sources */,
				C948D8732F48C32900F497C6 /* Frameworks */,
			);
			buildRules = (
			);
			dependencies = (
			);
			fileSystemSynchronizedGroups = (
				C904ADAF2F48DD2C0068AC3A /* SocialModels */,
			);
			name = SocialModels;
			packageProductDependencies = (
			);
			productName = SocialModels;
			productReference = C948D8752F48C32900F497C6 /* libSocialModels.a */;
			productType = "com.apple.product-type.library.static";
		};
		C95FC56F2CE50FF30093AB32 /* Multipass */ = {
			isa = PBXNativeTarget;
			buildConfigurationList = C95FC5952CE50FF40093AB32 /* Build configuration list for PBXNativeTarget "Multipass" */;
			buildPhases = (
				C95FC56C2CE50FF30093AB32 /* Sources */,
				C95FC56D2CE50FF30093AB32 /* Frameworks */,
				C95FC56E2CE50FF30093AB32 /* Resources */,
			);
			buildRules = (
			);
			dependencies = (
			);
			fileSystemSynchronizedGroups = (
				C95FC5722CE50FF30093AB32 /* Multipass */,
			);
			name = Multipass;
			packageProductDependencies = (
				C95FC59F2CE5122D0093AB32 /* OAuthenticator */,
				C95FC5B22CE536B70093AB32 /* Valet */,
				C9AB8D4A2D53C63700B1462F /* ATResolve */,
				C9CCAD1E2D5693AD0025654D /* ATAT */,
				C9CDBBC92D5779500000E010 /* ATAT */,
				C94171392D5A2081009079D3 /* Reblog */,
				C941713C2D5A2313009079D3 /* Reblog */,
				C92CD7422DB143DE00964B90 /* Jot */,
				C92CD7472DB1483900964B90 /* Jot */,
				C9B0E0562DBC11CC008F2A2D /* Empire */,
				C992AF5E2F1FFB9E00145BC9 /* AsyncAlgorithms */,
				C948CDC32F27FBA300F497C6 /* Algorithms */,
			);
			productName = Multipass;
			productReference = C95FC5702CE50FF30093AB32 /* Multipass.app */;
			productType = "com.apple.product-type.application";
		};
		C95FC5802CE50FF40093AB32 /* MultipassTests */ = {
			isa = PBXNativeTarget;
			buildConfigurationList = C95FC5982CE50FF40093AB32 /* Build configuration list for PBXNativeTarget "MultipassTests" */;
			buildPhases = (
				C95FC57D2CE50FF40093AB32 /* Sources */,
				C95FC57E2CE50FF40093AB32 /* Frameworks */,
				C95FC57F2CE50FF40093AB32 /* Resources */,
			);
			buildRules = (
			);
			dependencies = (
				C95FC5832CE50FF40093AB32 /* PBXTargetDependency */,
			);
			fileSystemSynchronizedGroups = (
				C95FC5842CE50FF40093AB32 /* MultipassTests */,
			);
			name = MultipassTests;
			packageProductDependencies = (
				C948CDCA2F2914F300F497C6 /* Algorithms */,
				C948D6A62F47779700F497C6 /* Reblog */,
			);
			productName = MultipassTests;
			productReference = C95FC5812CE50FF40093AB32 /* MultipassTests.xctest */;
			productType = "com.apple.product-type.bundle.unit-test";
		};
		C95FC58A2CE50FF40093AB32 /* MultipassUITests */ = {
			isa = PBXNativeTarget;
			buildConfigurationList = C95FC59B2CE50FF40093AB32 /* Build configuration list for PBXNativeTarget "MultipassUITests" */;
			buildPhases = (
				C95FC5872CE50FF40093AB32 /* Sources */,
				C95FC5882CE50FF40093AB32 /* Frameworks */,
				C95FC5892CE50FF40093AB32 /* Resources */,
			);
			buildRules = (
			);
			dependencies = (
				C95FC58D2CE50FF40093AB32 /* PBXTargetDependency */,
			);
			fileSystemSynchronizedGroups = (
				C95FC58E2CE50FF40093AB32 /* MultipassUITests */,
			);
			name = MultipassUITests;
			packageProductDependencies = (
			);
			productName = MultipassUITests;
			productReference = C95FC58B2CE50FF40093AB32 /* MultipassUITests.xctest */;
			productType = "com.apple.product-type.bundle.ui-testing";
		};
		C95FC5BB2CE540980093AB32 /* Utility */ = {
			isa = PBXNativeTarget;
			buildConfigurationList = C95FC5C22CE540980093AB32 /* Build configuration list for PBXNativeTarget "Utility" */;
			buildPhases = (
				C95FC5B82CE540980093AB32 /* Headers */,
				C95FC5B92CE540980093AB32 /* Sources */,
				C95FC5BA2CE540980093AB32 /* Frameworks */,
			);
			buildRules = (
			);
			dependencies = (
			);
			fileSystemSynchronizedGroups = (
				C9416F6E2D58BCF8009079D3 /* Utility */,
			);
			name = Utility;
			packageProductDependencies = (
			);
			productName = Utility;
			productReference = C95FC5BC2CE540980093AB32 /* libUtility.a */;
			productType = "com.apple.product-type.library.static";
		};
		C9AB8E142D53EB8700B1462F /* UIUtility */ = {
			isa = PBXNativeTarget;
			buildConfigurationList = C9AB8E1B2D53EB8700B1462F /* Build configuration list for PBXNativeTarget "UIUtility" */;
			buildPhases = (
				C9AB8E112D53EB8700B1462F /* Headers */,
				C9AB8E122D53EB8700B1462F /* Sources */,
				C9AB8E132D53EB8700B1462F /* Frameworks */,
			);
			buildRules = (
			);
			dependencies = (
			);
			fileSystemSynchronizedGroups = (
				C9416F152D58B91D009079D3 /* UIUtility */,
			);
			name = UIUtility;
			packageProductDependencies = (
			);
			productName = UIUtility;
			productReference = C9AB8E152D53EB8700B1462F /* libUIUtility.a */;
			productType = "com.apple.product-type.library.static";
		};
		C9AB8EE72D5628C300B1462F /* Storage */ = {
			isa = PBXNativeTarget;
			buildConfigurationList = C9AB8EEE2D5628C300B1462F /* Build configuration list for PBXNativeTarget "Storage" */;
			buildPhases = (
				C9AB8EE42D5628C300B1462F /* Headers */,
				C9AB8EE52D5628C300B1462F /* Sources */,
				C9AB8EE62D5628C300B1462F /* Frameworks */,
			);
			buildRules = (
			);
			dependencies = (
				C9B0E0592DBC11DE008F2A2D /* PBXTargetDependency */,
			);
			fileSystemSynchronizedGroups = (
				C9B0E0C12DBC13E5008F2A2D /* Storage */,
			);
			name = Storage;
			packageProductDependencies = (
				CF9EC94F2F2D0A61000F86B0 /* Empire */,
			);
			productName = Storage;
			productReference = C9AB8EE82D5628C300B1462F /* libStorage.a */;
			productType = "com.apple.product-type.library.static";
		};
		C9CDBBCE2D577BC60000E010 /* Timeline */ = {
			isa = PBXNativeTarget;
			buildConfigurationList = C9CDBBD52D577BC60000E010 /* Build configuration list for PBXNativeTarget "Timeline" */;
			buildPhases = (
				C9CDBBCB2D577BC60000E010 /* Headers */,
				C9CDBBCC2D577BC60000E010 /* Sources */,
				C9CDBBCD2D577BC60000E010 /* Frameworks */,
			);
			buildRules = (
			);
			dependencies = (
				C9416F052D58B84F009079D3 /* PBXTargetDependency */,
				C9CDBBDF2D577C0E0000E010 /* PBXTargetDependency */,
				CFF0BFEF2F2D1D0000E437FF /* PBXTargetDependency */,
			);
			fileSystemSynchronizedGroups = (
				C9416F2D2D58B9FC009079D3 /* Timeline */,
			);
			name = Timeline;
			packageProductDependencies = (
				C9CDBBE42D577C6B0000E010 /* ATResolve */,
				C948CDC72F2914A900F497C6 /* Algorithms */,
			);
			productName = Timeline;
			productReference = C9CDBBCF2D577BC60000E010 /* libTimeline.a */;
			productType = "com.apple.product-type.library.static";
		};
/* End PBXNativeTarget section */

/* Begin PBXProject section */
		C95FC5682CE50FF30093AB32 /* Project object */ = {
			isa = PBXProject;
			attributes = {
				BuildIndependentTargetsInParallel = 1;
				LastSwiftUpdateCheck = 1620;
				LastUpgradeCheck = 2620;
				TargetAttributes = {
					C91D81912D01EFFF007D1E82 = {
						CreatedOnToolsVersion = 16.2;
					};
					C92217D72CED1C80006C34BC = {
						CreatedOnToolsVersion = 16.2;
					};
					C948D20A2F3A6B4E00F497C6 = {
						CreatedOnToolsVersion = 26.2;
					};
					C948D8742F48C32900F497C6 = {
						CreatedOnToolsVersion = 26.2;
					};
					C95FC56F2CE50FF30093AB32 = {
						CreatedOnToolsVersion = 16.2;
						LastSwiftMigration = 1620;
					};
					C95FC5802CE50FF40093AB32 = {
						CreatedOnToolsVersion = 16.2;
						TestTargetID = C95FC56F2CE50FF30093AB32;
					};
					C95FC58A2CE50FF40093AB32 = {
						CreatedOnToolsVersion = 16.2;
						TestTargetID = C95FC56F2CE50FF30093AB32;
					};
					C95FC5BB2CE540980093AB32 = {
						CreatedOnToolsVersion = 16.2;
					};
					C9AB8E142D53EB8700B1462F = {
						CreatedOnToolsVersion = 16.2;
					};
					C9AB8EE72D5628C300B1462F = {
						CreatedOnToolsVersion = 16.2;
					};
					C9CDBBCE2D577BC60000E010 = {
						CreatedOnToolsVersion = 16.2;
					};
				};
			};
			buildConfigurationList = C95FC56B2CE50FF30093AB32 /* Build configuration list for PBXProject "Multipass" */;
			developmentRegion = en;
			hasScannedForEncodings = 0;
			knownRegions = (
				en,
				Base,
			);
			mainGroup = C95FC5672CE50FF30093AB32;
			minimizedProjectReferenceProxies = 1;
			packageReferences = (
				C95FC59E2CE5122D0093AB32 /* XCRemoteSwiftPackageReference "OAuthenticator" */,
				C95FC5B12CE536B70093AB32 /* XCRemoteSwiftPackageReference "Valet" */,
				C9AB8D492D53C63700B1462F /* XCRemoteSwiftPackageReference "ATResolve" */,
				C9CDBBC82D5779500000E010 /* XCRemoteSwiftPackageReference "ATAT" */,
				C941713B2D5A2313009079D3 /* XCRemoteSwiftPackageReference "Reblog" */,
				C92CD7462DB1483900964B90 /* XCRemoteSwiftPackageReference "Jot" */,
				C9B0E0552DBC11CC008F2A2D /* XCRemoteSwiftPackageReference "Empire" */,
				C992AF5D2F1FFB9E00145BC9 /* XCRemoteSwiftPackageReference "swift-async-algorithms" */,
				C948CDC22F27FBA300F497C6 /* XCRemoteSwiftPackageReference "swift-algorithms" */,
			);
			preferredProjectObjectVersion = 77;
			productRefGroup = C95FC5712CE50FF30093AB32 /* Products */;
			projectDirPath = "";
			projectRoot = "";
			targets = (
				C95FC56F2CE50FF30093AB32 /* Multipass */,
				C95FC5802CE50FF40093AB32 /* MultipassTests */,
				C95FC58A2CE50FF40093AB32 /* MultipassUITests */,
				C92217D72CED1C80006C34BC /* SocialClients */,
				C91D81912D01EFFF007D1E82 /* Settings */,
				C948D8742F48C32900F497C6 /* SocialModels */,
				C9AB8EE72D5628C300B1462F /* Storage */,
				C9CDBBCE2D577BC60000E010 /* Timeline */,
				C9AB8E142D53EB8700B1462F /* UIUtility */,
				C95FC5BB2CE540980093AB32 /* Utility */,
				C948D20A2F3A6B4E00F497C6 /* Profiles */,
			);
		};
/* End PBXProject section */

/* Begin PBXResourcesBuildPhase section */
		C95FC56E2CE50FF30093AB32 /* Resources */ = {
			isa = PBXResourcesBuildPhase;
			buildActionMask = 2147483647;
			files = (
			);
			runOnlyForDeploymentPostprocessing = 0;
		};
		C95FC57F2CE50FF40093AB32 /* Resources */ = {
			isa = PBXResourcesBuildPhase;
			buildActionMask = 2147483647;
			files = (
			);
			runOnlyForDeploymentPostprocessing = 0;
		};
		C95FC5892CE50FF40093AB32 /* Resources */ = {
			isa = PBXResourcesBuildPhase;
			buildActionMask = 2147483647;
			files = (
			);
			runOnlyForDeploymentPostprocessing = 0;
		};
/* End PBXResourcesBuildPhase section */

/* Begin PBXSourcesBuildPhase section */
		C91D818F2D01EFFF007D1E82 /* Sources */ = {
			isa = PBXSourcesBuildPhase;
			buildActionMask = 2147483647;
			files = (
			);
			runOnlyForDeploymentPostprocessing = 0;
		};
		C92217D52CED1C80006C34BC /* Sources */ = {
			isa = PBXSourcesBuildPhase;
			buildActionMask = 2147483647;
			files = (
			);
			runOnlyForDeploymentPostprocessing = 0;
		};
		C948D2082F3A6B4E00F497C6 /* Sources */ = {
			isa = PBXSourcesBuildPhase;
			buildActionMask = 2147483647;
			files = (
			);
			runOnlyForDeploymentPostprocessing = 0;
		};
		C948D8722F48C32900F497C6 /* Sources */ = {
			isa = PBXSourcesBuildPhase;
			buildActionMask = 2147483647;
			files = (
			);
			runOnlyForDeploymentPostprocessing = 0;
		};
		C95FC56C2CE50FF30093AB32 /* Sources */ = {
			isa = PBXSourcesBuildPhase;
			buildActionMask = 2147483647;
			files = (
			);
			runOnlyForDeploymentPostprocessing = 0;
		};
		C95FC57D2CE50FF40093AB32 /* Sources */ = {
			isa = PBXSourcesBuildPhase;
			buildActionMask = 2147483647;
			files = (
			);
			runOnlyForDeploymentPostprocessing = 0;
		};
		C95FC5872CE50FF40093AB32 /* Sources */ = {
			isa = PBXSourcesBuildPhase;
			buildActionMask = 2147483647;
			files = (
			);
			runOnlyForDeploymentPostprocessing = 0;
		};
		C95FC5B92CE540980093AB32 /* Sources */ = {
			isa = PBXSourcesBuildPhase;
			buildActionMask = 2147483647;
			files = (
			);
			runOnlyForDeploymentPostprocessing = 0;
		};
		C9AB8E122D53EB8700B1462F /* Sources */ = {
			isa = PBXSourcesBuildPhase;
			buildActionMask = 2147483647;
			files = (
			);
			runOnlyForDeploymentPostprocessing = 0;
		};
		C9AB8EE52D5628C300B1462F /* Sources */ = {
			isa = PBXSourcesBuildPhase;
			buildActionMask = 2147483647;
			files = (
			);
			runOnlyForDeploymentPostprocessing = 0;
		};
		C9CDBBCC2D577BC60000E010 /* Sources */ = {
			isa = PBXSourcesBuildPhase;
			buildActionMask = 2147483647;
			files = (
			);
			runOnlyForDeploymentPostprocessing = 0;
		};
/* End PBXSourcesBuildPhase section */

/* Begin PBXTargetDependency section */
		C91D81AC2D020BB0007D1E82 /* PBXTargetDependency */ = {
			isa = PBXTargetDependency;
			target = C92217D72CED1C80006C34BC /* SocialClients */;
			targetProxy = C91D81AB2D020BB0007D1E82 /* PBXContainerItemProxy */;
		};
		C92CD7452DB143E500964B90 /* PBXTargetDependency */ = {
			isa = PBXTargetDependency;
			productRef = C92CD7442DB143E500964B90 /* Jot */;
		};
		C9416F052D58B84F009079D3 /* PBXTargetDependency */ = {
			isa = PBXTargetDependency;
			target = C9AB8EE72D5628C300B1462F /* Storage */;
			targetProxy = C9416F042D58B84F009079D3 /* PBXContainerItemProxy */;
		};
		C95FC5832CE50FF40093AB32 /* PBXTargetDependency */ = {
			isa = PBXTargetDependency;
			target = C95FC56F2CE50FF30093AB32 /* Multipass */;
			targetProxy = C95FC5822CE50FF40093AB32 /* PBXContainerItemProxy */;
		};
		C95FC58D2CE50FF40093AB32 /* PBXTargetDependency */ = {
			isa = PBXTargetDependency;
			target = C95FC56F2CE50FF30093AB32 /* Multipass */;
			targetProxy = C95FC58C2CE50FF40093AB32 /* PBXContainerItemProxy */;
		};
		C963AABB2CF125200046E33B /* PBXTargetDependency */ = {
			isa = PBXTargetDependency;
			productRef = C963AABA2CF125200046E33B /* OAuthenticator */;
		};
		C9AB8D532D53CA2300B1462F /* PBXTargetDependency */ = {
			isa = PBXTargetDependency;
			productRef = C9AB8D522D53CA2300B1462F /* ATResolve */;
		};
		C9AB8E252D53EBE600B1462F /* PBXTargetDependency */ = {
			isa = PBXTargetDependency;
			target = C9AB8E142D53EB8700B1462F /* UIUtility */;
			targetProxy = C9AB8E242D53EBE600B1462F /* PBXContainerItemProxy */;
		};
		C9AB8F062D562B4D00B1462F /* PBXTargetDependency */ = {
			isa = PBXTargetDependency;
			target = C9AB8EE72D5628C300B1462F /* Storage */;
			targetProxy = C9AB8F052D562B4D00B1462F /* PBXContainerItemProxy */;
		};
		C9B0E0592DBC11DE008F2A2D /* PBXTargetDependency */ = {
			isa = PBXTargetDependency;
			productRef = C9B0E0582DBC11DE008F2A2D /* Empire */;
		};
		C9B0E05F2DBC1370008F2A2D /* PBXTargetDependency */ = {
			isa = PBXTargetDependency;
			target = C9AB8EE72D5628C300B1462F /* Storage */;
			targetProxy = C9B0E05E2DBC1370008F2A2D /* PBXContainerItemProxy */;
		};
		C9CDBBDF2D577C0E0000E010 /* PBXTargetDependency */ = {
			isa = PBXTargetDependency;
			target = C92217D72CED1C80006C34BC /* SocialClients */;
			targetProxy = C9CDBBDE2D577C0E0000E010 /* PBXContainerItemProxy */;
		};
		CFF0BFEF2F2D1D0000E437FF /* PBXTargetDependency */ = {
			isa = PBXTargetDependency;
			target = C9AB8E142D53EB8700B1462F /* UIUtility */;
			targetProxy = CFF0BFEE2F2D1D0000E437FF /* PBXContainerItemProxy */;
		};
/* End PBXTargetDependency section */

/* Begin XCBuildConfiguration section */
		C91D81992D01EFFF007D1E82 /* Debug */ = {
			isa = XCBuildConfiguration;
			baseConfigurationReferenceAnchor = C95FC5B42CE5399C0093AB32 /* Configurations */;
			baseConfigurationReferenceRelativePath = Module.xcconfig;
			buildSettings = {
				SDKROOT = macosx;
			};
			name = Debug;
		};
		C91D819A2D01EFFF007D1E82 /* Release */ = {
			isa = XCBuildConfiguration;
			baseConfigurationReferenceAnchor = C95FC5B42CE5399C0093AB32 /* Configurations */;
			baseConfigurationReferenceRelativePath = Module.xcconfig;
			buildSettings = {
				SDKROOT = macosx;
			};
			name = Release;
		};
		C92217DF2CED1C80006C34BC /* Debug */ = {
			isa = XCBuildConfiguration;
			baseConfigurationReferenceAnchor = C95FC5B42CE5399C0093AB32 /* Configurations */;
			baseConfigurationReferenceRelativePath = Module.xcconfig;
			buildSettings = {
				SDKROOT = macosx;
			};
			name = Debug;
		};
		C92217E02CED1C80006C34BC /* Release */ = {
			isa = XCBuildConfiguration;
			baseConfigurationReferenceAnchor = C95FC5B42CE5399C0093AB32 /* Configurations */;
			baseConfigurationReferenceRelativePath = Module.xcconfig;
			buildSettings = {
				SDKROOT = macosx;
			};
			name = Release;
		};
		C948D2122F3A6B4E00F497C6 /* Debug */ = {
			isa = XCBuildConfiguration;
			baseConfigurationReferenceAnchor = C95FC5B42CE5399C0093AB32 /* Configurations */;
			baseConfigurationReferenceRelativePath = Module.xcconfig;
			buildSettings = {
				SDKROOT = macosx;
			};
			name = Debug;
		};
		C948D2132F3A6B4E00F497C6 /* Release */ = {
			isa = XCBuildConfiguration;
			baseConfigurationReferenceAnchor = C95FC5B42CE5399C0093AB32 /* Configurations */;
			baseConfigurationReferenceRelativePath = Module.xcconfig;
			buildSettings = {
				SDKROOT = macosx;
			};
			name = Release;
		};
		C948D87C2F48C32900F497C6 /* Debug */ = {
			isa = XCBuildConfiguration;
			baseConfigurationReferenceAnchor = C95FC5B42CE5399C0093AB32 /* Configurations */;
			baseConfigurationReferenceRelativePath = Module.xcconfig;
			buildSettings = {
				SDKROOT = macosx;
			};
			name = Debug;
		};
		C948D87D2F48C32900F497C6 /* Release */ = {
			isa = XCBuildConfiguration;
			baseConfigurationReferenceAnchor = C95FC5B42CE5399C0093AB32 /* Configurations */;
			baseConfigurationReferenceRelativePath = Module.xcconfig;
			buildSettings = {
				SDKROOT = macosx;
			};
			name = Release;
		};
		C95FC5932CE50FF40093AB32 /* Debug */ = {
			isa = XCBuildConfiguration;
			baseConfigurationReferenceAnchor = C95FC5B42CE5399C0093AB32 /* Configurations */;
			baseConfigurationReferenceRelativePath = "Project-Debug.xcconfig";
			buildSettings = {
				ALWAYS_SEARCH_USER_PATHS = NO;
				ASSETCATALOG_COMPILER_GENERATE_SWIFT_ASSET_SYMBOL_EXTENSIONS = YES;
				CLANG_ANALYZER_NONNULL = YES;
				CLANG_ANALYZER_NUMBER_OBJECT_CONVERSION = YES_AGGRESSIVE;
				CLANG_CXX_LANGUAGE_STANDARD = "gnu++20";
				CLANG_ENABLE_MODULES = YES;
				CLANG_ENABLE_OBJC_ARC = YES;
				CLANG_ENABLE_OBJC_WEAK = YES;
				CLANG_WARN_BLOCK_CAPTURE_AUTORELEASING = YES;
				CLANG_WARN_BOOL_CONVERSION = YES;
				CLANG_WARN_COMMA = YES;
				CLANG_WARN_CONSTANT_CONVERSION = YES;
				CLANG_WARN_DEPRECATED_OBJC_IMPLEMENTATIONS = YES;
				CLANG_WARN_DIRECT_OBJC_ISA_USAGE = YES_ERROR;
				CLANG_WARN_DOCUMENTATION_COMMENTS = YES;
				CLANG_WARN_EMPTY_BODY = YES;
				CLANG_WARN_ENUM_CONVERSION = YES;
				CLANG_WARN_INFINITE_RECURSION = YES;
				CLANG_WARN_INT_CONVERSION = YES;
				CLANG_WARN_NON_LITERAL_NULL_CONVERSION = YES;
				CLANG_WARN_OBJC_IMPLICIT_RETAIN_SELF = YES;
				CLANG_WARN_OBJC_LITERAL_CONVERSION = YES;
				CLANG_WARN_OBJC_ROOT_CLASS = YES_ERROR;
				CLANG_WARN_QUOTED_INCLUDE_IN_FRAMEWORK_HEADER = YES;
				CLANG_WARN_RANGE_LOOP_ANALYSIS = YES;
				CLANG_WARN_STRICT_PROTOTYPES = YES;
				CLANG_WARN_SUSPICIOUS_MOVE = YES;
				CLANG_WARN_UNGUARDED_AVAILABILITY = YES_AGGRESSIVE;
				CLANG_WARN_UNREACHABLE_CODE = YES;
				CLANG_WARN__DUPLICATE_METHOD_MATCH = YES;
				COPY_PHASE_STRIP = NO;
				DEVELOPMENT_TEAM = 77X93NZ3G2;
				ENABLE_STRICT_OBJC_MSGSEND = YES;
				ENABLE_USER_SCRIPT_SANDBOXING = YES;
				GCC_C_LANGUAGE_STANDARD = gnu17;
				GCC_DYNAMIC_NO_PIC = NO;
				GCC_NO_COMMON_BLOCKS = YES;
				GCC_WARN_64_TO_32_BIT_CONVERSION = YES;
				GCC_WARN_ABOUT_RETURN_TYPE = YES_ERROR;
				GCC_WARN_UNDECLARED_SELECTOR = YES;
				GCC_WARN_UNINITIALIZED_AUTOS = YES_AGGRESSIVE;
				GCC_WARN_UNUSED_FUNCTION = YES;
				GCC_WARN_UNUSED_VARIABLE = YES;
				LOCALIZATION_PREFERS_STRING_CATALOGS = YES;
				MTL_FAST_MATH = YES;
			};
			name = Debug;
		};
		C95FC5942CE50FF40093AB32 /* Release */ = {
			isa = XCBuildConfiguration;
			baseConfigurationReferenceAnchor = C95FC5B42CE5399C0093AB32 /* Configurations */;
			baseConfigurationReferenceRelativePath = Project.xcconfig;
			buildSettings = {
				ALWAYS_SEARCH_USER_PATHS = NO;
				ASSETCATALOG_COMPILER_GENERATE_SWIFT_ASSET_SYMBOL_EXTENSIONS = YES;
				CLANG_ANALYZER_NONNULL = YES;
				CLANG_ANALYZER_NUMBER_OBJECT_CONVERSION = YES_AGGRESSIVE;
				CLANG_CXX_LANGUAGE_STANDARD = "gnu++20";
				CLANG_ENABLE_MODULES = YES;
				CLANG_ENABLE_OBJC_ARC = YES;
				CLANG_ENABLE_OBJC_WEAK = YES;
				CLANG_WARN_BLOCK_CAPTURE_AUTORELEASING = YES;
				CLANG_WARN_BOOL_CONVERSION = YES;
				CLANG_WARN_COMMA = YES;
				CLANG_WARN_CONSTANT_CONVERSION = YES;
				CLANG_WARN_DEPRECATED_OBJC_IMPLEMENTATIONS = YES;
				CLANG_WARN_DIRECT_OBJC_ISA_USAGE = YES_ERROR;
				CLANG_WARN_DOCUMENTATION_COMMENTS = YES;
				CLANG_WARN_EMPTY_BODY = YES;
				CLANG_WARN_ENUM_CONVERSION = YES;
				CLANG_WARN_INFINITE_RECURSION = YES;
				CLANG_WARN_INT_CONVERSION = YES;
				CLANG_WARN_NON_LITERAL_NULL_CONVERSION = YES;
				CLANG_WARN_OBJC_IMPLICIT_RETAIN_SELF = YES;
				CLANG_WARN_OBJC_LITERAL_CONVERSION = YES;
				CLANG_WARN_OBJC_ROOT_CLASS = YES_ERROR;
				CLANG_WARN_QUOTED_INCLUDE_IN_FRAMEWORK_HEADER = YES;
				CLANG_WARN_RANGE_LOOP_ANALYSIS = YES;
				CLANG_WARN_STRICT_PROTOTYPES = YES;
				CLANG_WARN_SUSPICIOUS_MOVE = YES;
				CLANG_WARN_UNGUARDED_AVAILABILITY = YES_AGGRESSIVE;
				CLANG_WARN_UNREACHABLE_CODE = YES;
				CLANG_WARN__DUPLICATE_METHOD_MATCH = YES;
				COPY_PHASE_STRIP = NO;
				DEVELOPMENT_TEAM = 77X93NZ3G2;
				ENABLE_NS_ASSERTIONS = NO;
				ENABLE_STRICT_OBJC_MSGSEND = YES;
				ENABLE_USER_SCRIPT_SANDBOXING = YES;
				GCC_C_LANGUAGE_STANDARD = gnu17;
				GCC_NO_COMMON_BLOCKS = YES;
				GCC_WARN_64_TO_32_BIT_CONVERSION = YES;
				GCC_WARN_ABOUT_RETURN_TYPE = YES_ERROR;
				GCC_WARN_UNDECLARED_SELECTOR = YES;
				GCC_WARN_UNINITIALIZED_AUTOS = YES_AGGRESSIVE;
				GCC_WARN_UNUSED_FUNCTION = YES;
				GCC_WARN_UNUSED_VARIABLE = YES;
				LOCALIZATION_PREFERS_STRING_CATALOGS = YES;
				MTL_FAST_MATH = YES;
				SWIFT_COMPILATION_MODE = wholemodule;
			};
			name = Release;
		};
		C95FC5962CE50FF40093AB32 /* Debug */ = {
			isa = XCBuildConfiguration;
			baseConfigurationReferenceAnchor = C95FC5B42CE5399C0093AB32 /* Configurations */;
			baseConfigurationReferenceRelativePath = Multipass.xcconfig;
			buildSettings = {
				ASSETCATALOG_COMPILER_APPICON_NAME = AppIcon;
				ASSETCATALOG_COMPILER_GLOBAL_ACCENT_COLOR_NAME = AccentColor;
				CODE_SIGN_ENTITLEMENTS = Multipass/Multipass.entitlements;
				DEVELOPMENT_ASSET_PATHS = "\"Multipass/Preview Content\"";
				ENABLE_PREVIEWS = YES;
				GENERATE_INFOPLIST_FILE = YES;
				"INFOPLIST_KEY_UIApplicationSceneManifest_Generation[sdk=iphoneos*]" = YES;
				"INFOPLIST_KEY_UIApplicationSceneManifest_Generation[sdk=iphonesimulator*]" = YES;
				"INFOPLIST_KEY_UIApplicationSupportsIndirectInputEvents[sdk=iphoneos*]" = YES;
				"INFOPLIST_KEY_UIApplicationSupportsIndirectInputEvents[sdk=iphonesimulator*]" = YES;
				"INFOPLIST_KEY_UILaunchScreen_Generation[sdk=iphoneos*]" = YES;
				"INFOPLIST_KEY_UILaunchScreen_Generation[sdk=iphonesimulator*]" = YES;
				"INFOPLIST_KEY_UIStatusBarStyle[sdk=iphoneos*]" = UIStatusBarStyleDefault;
				"INFOPLIST_KEY_UIStatusBarStyle[sdk=iphonesimulator*]" = UIStatusBarStyleDefault;
				INFOPLIST_KEY_UISupportedInterfaceOrientations_iPad = "UIInterfaceOrientationPortrait UIInterfaceOrientationPortraitUpsideDown UIInterfaceOrientationLandscapeLeft UIInterfaceOrientationLandscapeRight";
				INFOPLIST_KEY_UISupportedInterfaceOrientations_iPhone = "UIInterfaceOrientationPortrait UIInterfaceOrientationLandscapeLeft UIInterfaceOrientationLandscapeRight";
				PRODUCT_NAME = "$(TARGET_NAME)";
				SDKROOT = auto;
			};
			name = Debug;
		};
		C95FC5972CE50FF40093AB32 /* Release */ = {
			isa = XCBuildConfiguration;
			baseConfigurationReferenceAnchor = C95FC5B42CE5399C0093AB32 /* Configurations */;
			baseConfigurationReferenceRelativePath = Multipass.xcconfig;
			buildSettings = {
				ASSETCATALOG_COMPILER_APPICON_NAME = AppIcon;
				ASSETCATALOG_COMPILER_GLOBAL_ACCENT_COLOR_NAME = AccentColor;
				CODE_SIGN_ENTITLEMENTS = Multipass/Multipass.entitlements;
				DEVELOPMENT_ASSET_PATHS = "\"Multipass/Preview Content\"";
				ENABLE_PREVIEWS = YES;
				GENERATE_INFOPLIST_FILE = YES;
				"INFOPLIST_KEY_UIApplicationSceneManifest_Generation[sdk=iphoneos*]" = YES;
				"INFOPLIST_KEY_UIApplicationSceneManifest_Generation[sdk=iphonesimulator*]" = YES;
				"INFOPLIST_KEY_UIApplicationSupportsIndirectInputEvents[sdk=iphoneos*]" = YES;
				"INFOPLIST_KEY_UIApplicationSupportsIndirectInputEvents[sdk=iphonesimulator*]" = YES;
				"INFOPLIST_KEY_UILaunchScreen_Generation[sdk=iphoneos*]" = YES;
				"INFOPLIST_KEY_UILaunchScreen_Generation[sdk=iphonesimulator*]" = YES;
				"INFOPLIST_KEY_UIStatusBarStyle[sdk=iphoneos*]" = UIStatusBarStyleDefault;
				"INFOPLIST_KEY_UIStatusBarStyle[sdk=iphonesimulator*]" = UIStatusBarStyleDefault;
				INFOPLIST_KEY_UISupportedInterfaceOrientations_iPad = "UIInterfaceOrientationPortrait UIInterfaceOrientationPortraitUpsideDown UIInterfaceOrientationLandscapeLeft UIInterfaceOrientationLandscapeRight";
				INFOPLIST_KEY_UISupportedInterfaceOrientations_iPhone = "UIInterfaceOrientationPortrait UIInterfaceOrientationLandscapeLeft UIInterfaceOrientationLandscapeRight";
				PRODUCT_NAME = "$(TARGET_NAME)";
				SDKROOT = auto;
			};
			name = Release;
		};
		C95FC5992CE50FF40093AB32 /* Debug */ = {
			isa = XCBuildConfiguration;
			baseConfigurationReferenceAnchor = C95FC5B42CE5399C0093AB32 /* Configurations */;
			baseConfigurationReferenceRelativePath = Tests.xcconfig;
			buildSettings = {
			};
			name = Debug;
		};
		C95FC59A2CE50FF40093AB32 /* Release */ = {
			isa = XCBuildConfiguration;
			baseConfigurationReferenceAnchor = C95FC5B42CE5399C0093AB32 /* Configurations */;
			baseConfigurationReferenceRelativePath = Tests.xcconfig;
			buildSettings = {
			};
			name = Release;
		};
		C95FC59C2CE50FF40093AB32 /* Debug */ = {
			isa = XCBuildConfiguration;
			buildSettings = {
				CURRENT_PROJECT_VERSION = 1;
				GENERATE_INFOPLIST_FILE = YES;
				IPHONEOS_DEPLOYMENT_TARGET = 18.2;
				MACOSX_DEPLOYMENT_TARGET = 15.1;
				MARKETING_VERSION = 1.0;
				PRODUCT_NAME = "$(TARGET_NAME)";
				SDKROOT = auto;
				SUPPORTED_PLATFORMS = "iphoneos iphonesimulator macosx xros xrsimulator";
				SWIFT_EMIT_LOC_STRINGS = NO;
				TARGETED_DEVICE_FAMILY = "1,2,7";
				TEST_TARGET_NAME = Multipass;
				XROS_DEPLOYMENT_TARGET = 2.2;
			};
			name = Debug;
		};
		C95FC59D2CE50FF40093AB32 /* Release */ = {
			isa = XCBuildConfiguration;
			buildSettings = {
				CURRENT_PROJECT_VERSION = 1;
				GENERATE_INFOPLIST_FILE = YES;
				IPHONEOS_DEPLOYMENT_TARGET = 18.2;
				MACOSX_DEPLOYMENT_TARGET = 15.1;
				MARKETING_VERSION = 1.0;
				PRODUCT_NAME = "$(TARGET_NAME)";
				SDKROOT = auto;
				SUPPORTED_PLATFORMS = "iphoneos iphonesimulator macosx xros xrsimulator";
				SWIFT_EMIT_LOC_STRINGS = NO;
				TARGETED_DEVICE_FAMILY = "1,2,7";
				TEST_TARGET_NAME = Multipass;
				XROS_DEPLOYMENT_TARGET = 2.2;
			};
			name = Release;
		};
		C95FC5C32CE540980093AB32 /* Debug */ = {
			isa = XCBuildConfiguration;
			baseConfigurationReferenceAnchor = C95FC5B42CE5399C0093AB32 /* Configurations */;
			baseConfigurationReferenceRelativePath = Utility.xcconfig;
			buildSettings = {
				SDKROOT = macosx;
			};
			name = Debug;
		};
		C95FC5C42CE540980093AB32 /* Release */ = {
			isa = XCBuildConfiguration;
			baseConfigurationReferenceAnchor = C95FC5B42CE5399C0093AB32 /* Configurations */;
			baseConfigurationReferenceRelativePath = Utility.xcconfig;
			buildSettings = {
				SDKROOT = macosx;
			};
			name = Release;
		};
		C9AB8E1C2D53EB8700B1462F /* Debug */ = {
			isa = XCBuildConfiguration;
			baseConfigurationReferenceAnchor = C95FC5B42CE5399C0093AB32 /* Configurations */;
			baseConfigurationReferenceRelativePath = Module.xcconfig;
			buildSettings = {
				SDKROOT = macosx;
			};
			name = Debug;
		};
		C9AB8E1D2D53EB8700B1462F /* Release */ = {
			isa = XCBuildConfiguration;
			baseConfigurationReferenceAnchor = C95FC5B42CE5399C0093AB32 /* Configurations */;
			baseConfigurationReferenceRelativePath = Module.xcconfig;
			buildSettings = {
				SDKROOT = macosx;
			};
			name = Release;
		};
		C9AB8EEF2D5628C300B1462F /* Debug */ = {
			isa = XCBuildConfiguration;
			baseConfigurationReferenceAnchor = C95FC5B42CE5399C0093AB32 /* Configurations */;
			baseConfigurationReferenceRelativePath = Module.xcconfig;
			buildSettings = {
				SDKROOT = macosx;
			};
			name = Debug;
		};
		C9AB8EF02D5628C300B1462F /* Release */ = {
			isa = XCBuildConfiguration;
			baseConfigurationReferenceAnchor = C95FC5B42CE5399C0093AB32 /* Configurations */;
			baseConfigurationReferenceRelativePath = Module.xcconfig;
			buildSettings = {
				SDKROOT = macosx;
			};
			name = Release;
		};
		C9CDBBD62D577BC60000E010 /* Debug */ = {
			isa = XCBuildConfiguration;
			baseConfigurationReferenceAnchor = C95FC5B42CE5399C0093AB32 /* Configurations */;
			baseConfigurationReferenceRelativePath = Module.xcconfig;
			buildSettings = {
				SDKROOT = macosx;
			};
			name = Debug;
		};
		C9CDBBD72D577BC60000E010 /* Release */ = {
			isa = XCBuildConfiguration;
			baseConfigurationReferenceAnchor = C95FC5B42CE5399C0093AB32 /* Configurations */;
			baseConfigurationReferenceRelativePath = Module.xcconfig;
			buildSettings = {
				SDKROOT = macosx;
			};
			name = Release;
		};
/* End XCBuildConfiguration section */

/* Begin XCConfigurationList section */
		C91D81982D01EFFF007D1E82 /* Build configuration list for PBXNativeTarget "Settings" */ = {
			isa = XCConfigurationList;
			buildConfigurations = (
				C91D81992D01EFFF007D1E82 /* Debug */,
				C91D819A2D01EFFF007D1E82 /* Release */,
			);
			defaultConfigurationIsVisible = 0;
			defaultConfigurationName = Release;
		};
		C92217DE2CED1C80006C34BC /* Build configuration list for PBXNativeTarget "SocialClients" */ = {
			isa = XCConfigurationList;
			buildConfigurations = (
				C92217DF2CED1C80006C34BC /* Debug */,
				C92217E02CED1C80006C34BC /* Release */,
			);
			defaultConfigurationIsVisible = 0;
			defaultConfigurationName = Release;
		};
		C948D2112F3A6B4E00F497C6 /* Build configuration list for PBXNativeTarget "Profiles" */ = {
			isa = XCConfigurationList;
			buildConfigurations = (
				C948D2122F3A6B4E00F497C6 /* Debug */,
				C948D2132F3A6B4E00F497C6 /* Release */,
			);
			defaultConfigurationIsVisible = 0;
			defaultConfigurationName = Release;
		};
		C948D87B2F48C32900F497C6 /* Build configuration list for PBXNativeTarget "SocialModels" */ = {
			isa = XCConfigurationList;
			buildConfigurations = (
				C948D87C2F48C32900F497C6 /* Debug */,
				C948D87D2F48C32900F497C6 /* Release */,
			);
			defaultConfigurationIsVisible = 0;
			defaultConfigurationName = Release;
		};
		C95FC56B2CE50FF30093AB32 /* Build configuration list for PBXProject "Multipass" */ = {
			isa = XCConfigurationList;
			buildConfigurations = (
				C95FC5932CE50FF40093AB32 /* Debug */,
				C95FC5942CE50FF40093AB32 /* Release */,
			);
			defaultConfigurationIsVisible = 0;
			defaultConfigurationName = Release;
		};
		C95FC5952CE50FF40093AB32 /* Build configuration list for PBXNativeTarget "Multipass" */ = {
			isa = XCConfigurationList;
			buildConfigurations = (
				C95FC5962CE50FF40093AB32 /* Debug */,
				C95FC5972CE50FF40093AB32 /* Release */,
			);
			defaultConfigurationIsVisible = 0;
			defaultConfigurationName = Release;
		};
		C95FC5982CE50FF40093AB32 /* Build configuration list for PBXNativeTarget "MultipassTests" */ = {
			isa = XCConfigurationList;
			buildConfigurations = (
				C95FC5992CE50FF40093AB32 /* Debug */,
				C95FC59A2CE50FF40093AB32 /* Release */,
			);
			defaultConfigurationIsVisible = 0;
			defaultConfigurationName = Release;
		};
		C95FC59B2CE50FF40093AB32 /* Build configuration list for PBXNativeTarget "MultipassUITests" */ = {
			isa = XCConfigurationList;
			buildConfigurations = (
				C95FC59C2CE50FF40093AB32 /* Debug */,
				C95FC59D2CE50FF40093AB32 /* Release */,
			);
			defaultConfigurationIsVisible = 0;
			defaultConfigurationName = Release;
		};
		C95FC5C22CE540980093AB32 /* Build configuration list for PBXNativeTarget "Utility" */ = {
			isa = XCConfigurationList;
			buildConfigurations = (
				C95FC5C32CE540980093AB32 /* Debug */,
				C95FC5C42CE540980093AB32 /* Release */,
			);
			defaultConfigurationIsVisible = 0;
			defaultConfigurationName = Release;
		};
		C9AB8E1B2D53EB8700B1462F /* Build configuration list for PBXNativeTarget "UIUtility" */ = {
			isa = XCConfigurationList;
			buildConfigurations = (
				C9AB8E1C2D53EB8700B1462F /* Debug */,
				C9AB8E1D2D53EB8700B1462F /* Release */,
			);
			defaultConfigurationIsVisible = 0;
			defaultConfigurationName = Release;
		};
		C9AB8EEE2D5628C300B1462F /* Build configuration list for PBXNativeTarget "Storage" */ = {
			isa = XCConfigurationList;
			buildConfigurations = (
				C9AB8EEF2D5628C300B1462F /* Debug */,
				C9AB8EF02D5628C300B1462F /* Release */,
			);
			defaultConfigurationIsVisible = 0;
			defaultConfigurationName = Release;
		};
		C9CDBBD52D577BC60000E010 /* Build configuration list for PBXNativeTarget "Timeline" */ = {
			isa = XCConfigurationList;
			buildConfigurations = (
				C9CDBBD62D577BC60000E010 /* Debug */,
				C9CDBBD72D577BC60000E010 /* Release */,
			);
			defaultConfigurationIsVisible = 0;
			defaultConfigurationName = Release;
		};
/* End XCConfigurationList section */

/* Begin XCRemoteSwiftPackageReference section */
		C92CD7462DB1483900964B90 /* XCRemoteSwiftPackageReference "Jot" */ = {
			isa = XCRemoteSwiftPackageReference;
			repositoryURL = "https://github.com/mattmassicotte/Jot";
			requirement = {
				branch = main;
				kind = branch;
			};
		};
		C941713B2D5A2313009079D3 /* XCRemoteSwiftPackageReference "Reblog" */ = {
			isa = XCRemoteSwiftPackageReference;
			repositoryURL = "https://github.com/mattmassicotte/Reblog";
			requirement = {
				branch = main;
				kind = branch;
			};
		};
		C948CDC22F27FBA300F497C6 /* XCRemoteSwiftPackageReference "swift-algorithms" */ = {
			isa = XCRemoteSwiftPackageReference;
			repositoryURL = "https://github.com/apple/swift-algorithms.git";
			requirement = {
				kind = upToNextMajorVersion;
				minimumVersion = 1.2.1;
			};
		};
		C95FC59E2CE5122D0093AB32 /* XCRemoteSwiftPackageReference "OAuthenticator" */ = {
			isa = XCRemoteSwiftPackageReference;
			repositoryURL = "https://github.com/ChimeHQ/OAuthenticator.git";
			requirement = {
				branch = main;
				kind = branch;
			};
		};
		C95FC5B12CE536B70093AB32 /* XCRemoteSwiftPackageReference "Valet" */ = {
			isa = XCRemoteSwiftPackageReference;
			repositoryURL = "https://github.com/square/Valet";
			requirement = {
				kind = upToNextMajorVersion;
				minimumVersion = 5.0.0;
			};
		};
		C992AF5D2F1FFB9E00145BC9 /* XCRemoteSwiftPackageReference "swift-async-algorithms" */ = {
			isa = XCRemoteSwiftPackageReference;
			repositoryURL = "https://github.com/apple/swift-async-algorithms.git";
			requirement = {
				kind = upToNextMajorVersion;
				minimumVersion = 1.1.1;
			};
		};
		C9AB8D492D53C63700B1462F /* XCRemoteSwiftPackageReference "ATResolve" */ = {
			isa = XCRemoteSwiftPackageReference;
			repositoryURL = "https://github.com/mattmassicotte/ATResolve";
			requirement = {
				branch = main;
				kind = branch;
			};
		};
		C9B0E0552DBC11CC008F2A2D /* XCRemoteSwiftPackageReference "Empire" */ = {
			isa = XCRemoteSwiftPackageReference;
			repositoryURL = "https://github.com/mattmassicotte/Empire";
			requirement = {
				branch = main;
				kind = branch;
			};
		};
		C9CDBBC82D5779500000E010 /* XCRemoteSwiftPackageReference "ATAT" */ = {
			isa = XCRemoteSwiftPackageReference;
			repositoryURL = "https://github.com/mattmassicotte/ATAT";
			requirement = {
				branch = main;
				kind = branch;
			};
		};
/* End XCRemoteSwiftPackageReference section */

/* Begin XCSwiftPackageProductDependency section */
		C904AD9F2F48DB0E0068AC3A /* Algorithms */ = {
			isa = XCSwiftPackageProductDependency;
			package = C948CDC22F27FBA300F497C6 /* XCRemoteSwiftPackageReference "swift-algorithms" */;
			productName = Algorithms;
		};
		C92CD7422DB143DE00964B90 /* Jot */ = {
			isa = XCSwiftPackageProductDependency;
			productName = Jot;
		};
		C92CD7442DB143E500964B90 /* Jot */ = {
			isa = XCSwiftPackageProductDependency;
			productName = Jot;
		};
		C92CD7472DB1483900964B90 /* Jot */ = {
			isa = XCSwiftPackageProductDependency;
			package = C92CD7462DB1483900964B90 /* XCRemoteSwiftPackageReference "Jot" */;
			productName = Jot;
		};
		C94171392D5A2081009079D3 /* Reblog */ = {
			isa = XCSwiftPackageProductDependency;
			productName = Reblog;
		};
		C941713C2D5A2313009079D3 /* Reblog */ = {
			isa = XCSwiftPackageProductDependency;
			package = C941713B2D5A2313009079D3 /* XCRemoteSwiftPackageReference "Reblog" */;
			productName = Reblog;
		};
		C948CDC32F27FBA300F497C6 /* Algorithms */ = {
			isa = XCSwiftPackageProductDependency;
			package = C948CDC22F27FBA300F497C6 /* XCRemoteSwiftPackageReference "swift-algorithms" */;
			productName = Algorithms;
		};
		C948CDC72F2914A900F497C6 /* Algorithms */ = {
			isa = XCSwiftPackageProductDependency;
			package = C948CDC22F27FBA300F497C6 /* XCRemoteSwiftPackageReference "swift-algorithms" */;
			productName = Algorithms;
		};
		C948CDCA2F2914F300F497C6 /* Algorithms */ = {
			isa = XCSwiftPackageProductDependency;
			package = C948CDC22F27FBA300F497C6 /* XCRemoteSwiftPackageReference "swift-algorithms" */;
			productName = Algorithms;
		};
		C948D6A62F47779700F497C6 /* Reblog */ = {
			isa = XCSwiftPackageProductDependency;
			package = C941713B2D5A2313009079D3 /* XCRemoteSwiftPackageReference "Reblog" */;
			productName = Reblog;
		};
		C95FC59F2CE5122D0093AB32 /* OAuthenticator */ = {
			isa = XCSwiftPackageProductDependency;
			package = C95FC59E2CE5122D0093AB32 /* XCRemoteSwiftPackageReference "OAuthenticator" */;
			productName = OAuthenticator;
		};
		C95FC5B22CE536B70093AB32 /* Valet */ = {
			isa = XCSwiftPackageProductDependency;
			package = C95FC5B12CE536B70093AB32 /* XCRemoteSwiftPackageReference "Valet" */;
			productName = Valet;
		};
		C963AABA2CF125200046E33B /* OAuthenticator */ = {
			isa = XCSwiftPackageProductDependency;
			package = C95FC59E2CE5122D0093AB32 /* XCRemoteSwiftPackageReference "OAuthenticator" */;
			productName = OAuthenticator;
		};
		C992AF5E2F1FFB9E00145BC9 /* AsyncAlgorithms */ = {
			isa = XCSwiftPackageProductDependency;
			package = C992AF5D2F1FFB9E00145BC9 /* XCRemoteSwiftPackageReference "swift-async-algorithms" */;
			productName = AsyncAlgorithms;
		};
		C9AB8D4A2D53C63700B1462F /* ATResolve */ = {
			isa = XCSwiftPackageProductDependency;
			package = C9AB8D492D53C63700B1462F /* XCRemoteSwiftPackageReference "ATResolve" */;
			productName = ATResolve;
		};
		C9AB8D522D53CA2300B1462F /* ATResolve */ = {
			isa = XCSwiftPackageProductDependency;
			package = C9AB8D492D53C63700B1462F /* XCRemoteSwiftPackageReference "ATResolve" */;
			productName = ATResolve;
		};
		C9AB8DAE2D53CAA100B1462F /* ATResolve */ = {
			isa = XCSwiftPackageProductDependency;
			package = C9AB8D492D53C63700B1462F /* XCRemoteSwiftPackageReference "ATResolve" */;
			productName = ATResolve;
		};
		C9AB8DB12D53CBD900B1462F /* ATResolve */ = {
			isa = XCSwiftPackageProductDependency;
			productName = ATResolve;
		};
		C9B0E0562DBC11CC008F2A2D /* Empire */ = {
			isa = XCSwiftPackageProductDependency;
			package = C9B0E0552DBC11CC008F2A2D /* XCRemoteSwiftPackageReference "Empire" */;
			productName = Empire;
		};
		C9B0E0582DBC11DE008F2A2D /* Empire */ = {
			isa = XCSwiftPackageProductDependency;
			package = C9B0E0552DBC11CC008F2A2D /* XCRemoteSwiftPackageReference "Empire" */;
			productName = Empire;
		};
		C9CCAD1E2D5693AD0025654D /* ATAT */ = {
			isa = XCSwiftPackageProductDependency;
			productName = ATAT;
		};
		C9CDBBC92D5779500000E010 /* ATAT */ = {
			isa = XCSwiftPackageProductDependency;
			package = C9CDBBC82D5779500000E010 /* XCRemoteSwiftPackageReference "ATAT" */;
			productName = ATAT;
		};
		C9CDBBE42D577C6B0000E010 /* ATResolve */ = {
			isa = XCSwiftPackageProductDependency;
			package = C9AB8D492D53C63700B1462F /* XCRemoteSwiftPackageReference "ATResolve" */;
			productName = ATResolve;
		};
		CF9EC94F2F2D0A61000F86B0 /* Empire */ = {
			isa = XCSwiftPackageProductDependency;
			package = C9B0E0552DBC11CC008F2A2D /* XCRemoteSwiftPackageReference "Empire" */;
			productName = Empire;
		};
		CF9EC9572F2D10A2000F86B0 /* OAuthenticator */ = {
			isa = XCSwiftPackageProductDependency;
			package = C95FC59E2CE5122D0093AB32 /* XCRemoteSwiftPackageReference "OAuthenticator" */;
			productName = OAuthenticator;
		};
		CF9EC9592F2D10A2000F86B0 /* Jot */ = {
			isa = XCSwiftPackageProductDependency;
			package = C92CD7462DB1483900964B90 /* XCRemoteSwiftPackageReference "Jot" */;
			productName = Jot;
		};
		CFF0BFD62F2D191B00E437FF /* ATAT */ = {
			isa = XCSwiftPackageProductDependency;
			package = C9CDBBC82D5779500000E010 /* XCRemoteSwiftPackageReference "ATAT" */;
			productName = ATAT;
		};
		CFF0BFD82F2D1B8000E437FF /* Reblog */ = {
			isa = XCSwiftPackageProductDependency;
			package = C941713B2D5A2313009079D3 /* XCRemoteSwiftPackageReference "Reblog" */;
			productName = Reblog;
		};
		CFF0BFDA2F2D1BF000E437FF /* Empire */ = {
			isa = XCSwiftPackageProductDependency;
			package = C9B0E0552DBC11CC008F2A2D /* XCRemoteSwiftPackageReference "Empire" */;
			productName = Empire;
		};
/* End XCSwiftPackageProductDependency section */
	};
	rootObject = C95FC5682CE50FF30093AB32 /* Project object */;
}
