// !$*UTF8*$!
{
	archiveVersion = 1;
	classes = {
	};
	objectVersion = 77;
	objects = {

/* Begin PBXBuildFile section */
		C922179A2CE7C9A2006C34BC /* libMastodonAPI.a in Frameworks */ = {isa = PBXBuildFile; fileRef = C922178F2CE7C985006C34BC /* libMastodonAPI.a */; platformFilters = (macos, ); };
		C92217B12CE93161006C34BC /* libBlueskyAPI.a in Frameworks */ = {isa = PBXBuildFile; fileRef = C92217A32CE8D949006C34BC /* libBlueskyAPI.a */; platformFilters = (macos, ); };
		C95FC5A02CE5122D0093AB32 /* OAuthenticator in Frameworks */ = {isa = PBXBuildFile; productRef = C95FC59F2CE5122D0093AB32 /* OAuthenticator */; };
		C95FC5B32CE536B70093AB32 /* Valet in Frameworks */ = {isa = PBXBuildFile; productRef = C95FC5B22CE536B70093AB32 /* Valet */; };
		C95FC5D02CE542800093AB32 /* libUtility.a in Frameworks */ = {isa = PBXBuildFile; fileRef = C95FC5BC2CE540980093AB32 /* libUtility.a */; platformFilters = (macos, ); };
/* End PBXBuildFile section */

/* Begin PBXContainerItemProxy section */
		C95FC5822CE50FF40093AB32 /* PBXContainerItemProxy */ = {
			isa = PBXContainerItemProxy;
			containerPortal = C95FC5682CE50FF30093AB32 /* Project object */;
			proxyType = 1;
			remoteGlobalIDString = C95FC56F2CE50FF30093AB32;
			remoteInfo = Multipass;
		};
		C95FC58C2CE50FF40093AB32 /* PBXContainerItemProxy */ = {
			isa = PBXContainerItemProxy;
			containerPortal = C95FC5682CE50FF30093AB32 /* Project object */;
			proxyType = 1;
			remoteGlobalIDString = C95FC56F2CE50FF30093AB32;
			remoteInfo = Multipass;
		};
/* End PBXContainerItemProxy section */

/* Begin PBXFileReference section */
		C922178F2CE7C985006C34BC /* libMastodonAPI.a */ = {isa = PBXFileReference; explicitFileType = archive.ar; includeInIndex = 0; path = libMastodonAPI.a; sourceTree = BUILT_PRODUCTS_DIR; };
		C92217A32CE8D949006C34BC /* libBlueskyAPI.a */ = {isa = PBXFileReference; explicitFileType = archive.ar; includeInIndex = 0; path = libBlueskyAPI.a; sourceTree = BUILT_PRODUCTS_DIR; };
		C95FC5702CE50FF30093AB32 /* Multipass.app */ = {isa = PBXFileReference; explicitFileType = wrapper.application; includeInIndex = 0; path = Multipass.app; sourceTree = BUILT_PRODUCTS_DIR; };
		C95FC5812CE50FF40093AB32 /* MultipassTests.xctest */ = {isa = PBXFileReference; explicitFileType = wrapper.cfbundle; includeInIndex = 0; path = MultipassTests.xctest; sourceTree = BUILT_PRODUCTS_DIR; };
		C95FC58B2CE50FF40093AB32 /* MultipassUITests.xctest */ = {isa = PBXFileReference; explicitFileType = wrapper.cfbundle; includeInIndex = 0; path = MultipassUITests.xctest; sourceTree = BUILT_PRODUCTS_DIR; };
		C95FC5BC2CE540980093AB32 /* libUtility.a */ = {isa = PBXFileReference; explicitFileType = archive.ar; includeInIndex = 0; path = libUtility.a; sourceTree = BUILT_PRODUCTS_DIR; };
/* End PBXFileReference section */

/* Begin PBXFileSystemSynchronizedBuildFileExceptionSet section */
		C92217992CE7C995006C34BC /* Exceptions for "Multipass" folder in "MastodonAPI" target */ = {
			isa = PBXFileSystemSynchronizedBuildFileExceptionSet;
			membershipExceptions = (
				Modules/MastodonAPI/Client.swift,
				Modules/MastodonAPI/Marker.swift,
				Modules/MastodonAPI/Status.swift,
			);
			target = C922178E2CE7C985006C34BC /* MastodonAPI */;
		};
		C92217B02CE93158006C34BC /* Exceptions for "Multipass" folder in "BlueskyAPI" target */ = {
			isa = PBXFileSystemSynchronizedBuildFileExceptionSet;
			membershipExceptions = (
				Modules/BlueskyAPI/Client.swift,
				Modules/BlueskyAPI/Types.swift,
			);
			target = C92217A22CE8D949006C34BC /* BlueskyAPI */;
		};
		C95FC5C72CE540D30093AB32 /* Exceptions for "Multipass" folder in "Multipass" target */ = {
			isa = PBXFileSystemSynchronizedBuildFileExceptionSet;
			membershipExceptions = (
				Modules/BlueskyAPI/Client.swift,
				Modules/BlueskyAPI/Types.swift,
				Modules/MastodonAPI/Client.swift,
				Modules/MastodonAPI/Marker.swift,
				Modules/MastodonAPI/Status.swift,
				Modules/Utility/Constants.m,
				"Modules/Utility/UserDefaults+Shared.swift",
				Modules/Utility/Utility.xcconfig,
			);
			target = C95FC56F2CE50FF30093AB32 /* Multipass */;
		};
		C95FC5C92CE540D50093AB32 /* Exceptions for "Multipass" folder in "Utility" target */ = {
			isa = PBXFileSystemSynchronizedBuildFileExceptionSet;
			membershipExceptions = (
				Modules/Utility/Constants.m,
				"Modules/Utility/UserDefaults+Shared.swift",
			);
			target = C95FC5BB2CE540980093AB32 /* Utility */;
		};
/* End PBXFileSystemSynchronizedBuildFileExceptionSet section */

/* Begin PBXFileSystemSynchronizedRootGroup section */
		C92217A42CE8D949006C34BC /* BlueskyAPI */ = {
			isa = PBXFileSystemSynchronizedRootGroup;
			path = BlueskyAPI;
			sourceTree = "<group>";
		};
		C95FC5722CE50FF30093AB32 /* Multipass */ = {
			isa = PBXFileSystemSynchronizedRootGroup;
			exceptions = (
				C95FC5C72CE540D30093AB32 /* Exceptions for "Multipass" folder in "Multipass" target */,
				C95FC5C92CE540D50093AB32 /* Exceptions for "Multipass" folder in "Utility" target */,
				C92217992CE7C995006C34BC /* Exceptions for "Multipass" folder in "MastodonAPI" target */,
				C92217B02CE93158006C34BC /* Exceptions for "Multipass" folder in "BlueskyAPI" target */,
			);
			path = Multipass;
			sourceTree = "<group>";
		};
		C95FC5842CE50FF40093AB32 /* MultipassTests */ = {
			isa = PBXFileSystemSynchronizedRootGroup;
			path = MultipassTests;
			sourceTree = "<group>";
		};
		C95FC58E2CE50FF40093AB32 /* MultipassUITests */ = {
			isa = PBXFileSystemSynchronizedRootGroup;
			path = MultipassUITests;
			sourceTree = "<group>";
		};
		C95FC5B42CE5399C0093AB32 /* Configurations */ = {
			isa = PBXFileSystemSynchronizedRootGroup;
			path = Configurations;
			sourceTree = "<group>";
		};
/* End PBXFileSystemSynchronizedRootGroup section */

/* Begin PBXFrameworksBuildPhase section */
		C922178D2CE7C985006C34BC /* Frameworks */ = {
			isa = PBXFrameworksBuildPhase;
			buildActionMask = 2147483647;
			files = (
			);
			runOnlyForDeploymentPostprocessing = 0;
		};
		C92217A12CE8D949006C34BC /* Frameworks */ = {
			isa = PBXFrameworksBuildPhase;
			buildActionMask = 2147483647;
			files = (
			);
			runOnlyForDeploymentPostprocessing = 0;
		};
		C95FC56D2CE50FF30093AB32 /* Frameworks */ = {
			isa = PBXFrameworksBuildPhase;
			buildActionMask = 2147483647;
			files = (
				C92217B12CE93161006C34BC /* libBlueskyAPI.a in Frameworks */,
				C922179A2CE7C9A2006C34BC /* libMastodonAPI.a in Frameworks */,
				C95FC5D02CE542800093AB32 /* libUtility.a in Frameworks */,
				C95FC5A02CE5122D0093AB32 /* OAuthenticator in Frameworks */,
				C95FC5B32CE536B70093AB32 /* Valet in Frameworks */,
			);
			runOnlyForDeploymentPostprocessing = 0;
		};
		C95FC57E2CE50FF40093AB32 /* Frameworks */ = {
			isa = PBXFrameworksBuildPhase;
			buildActionMask = 2147483647;
			files = (
			);
			runOnlyForDeploymentPostprocessing = 0;
		};
		C95FC5882CE50FF40093AB32 /* Frameworks */ = {
			isa = PBXFrameworksBuildPhase;
			buildActionMask = 2147483647;
			files = (
			);
			runOnlyForDeploymentPostprocessing = 0;
		};
		C95FC5BA2CE540980093AB32 /* Frameworks */ = {
			isa = PBXFrameworksBuildPhase;
			buildActionMask = 2147483647;
			files = (
			);
			runOnlyForDeploymentPostprocessing = 0;
		};
/* End PBXFrameworksBuildPhase section */

/* Begin PBXGroup section */
		C95FC5672CE50FF30093AB32 = {
			isa = PBXGroup;
			children = (
				C95FC5B42CE5399C0093AB32 /* Configurations */,
				C95FC5722CE50FF30093AB32 /* Multipass */,
				C95FC5842CE50FF40093AB32 /* MultipassTests */,
				C95FC58E2CE50FF40093AB32 /* MultipassUITests */,
				C92217A42CE8D949006C34BC /* BlueskyAPI */,
				C95FC5CF2CE542800093AB32 /* Frameworks */,
				C95FC5712CE50FF30093AB32 /* Products */,
			);
			sourceTree = "<group>";
		};
		C95FC5712CE50FF30093AB32 /* Products */ = {
			isa = PBXGroup;
			children = (
				C95FC5702CE50FF30093AB32 /* Multipass.app */,
				C95FC5812CE50FF40093AB32 /* MultipassTests.xctest */,
				C95FC58B2CE50FF40093AB32 /* MultipassUITests.xctest */,
				C95FC5BC2CE540980093AB32 /* libUtility.a */,
				C922178F2CE7C985006C34BC /* libMastodonAPI.a */,
				C92217A32CE8D949006C34BC /* libBlueskyAPI.a */,
			);
			name = Products;
			sourceTree = "<group>";
		};
		C95FC5CF2CE542800093AB32 /* Frameworks */ = {
			isa = PBXGroup;
			children = (
			);
			name = Frameworks;
			sourceTree = "<group>";
		};
/* End PBXGroup section */

/* Begin PBXHeadersBuildPhase section */
		C922178B2CE7C985006C34BC /* Headers */ = {
			isa = PBXHeadersBuildPhase;
			buildActionMask = 2147483647;
			files = (
			);
			runOnlyForDeploymentPostprocessing = 0;
		};
		C922179F2CE8D949006C34BC /* Headers */ = {
			isa = PBXHeadersBuildPhase;
			buildActionMask = 2147483647;
			files = (
			);
			runOnlyForDeploymentPostprocessing = 0;
		};
		C95FC5B82CE540980093AB32 /* Headers */ = {
			isa = PBXHeadersBuildPhase;
			buildActionMask = 2147483647;
			files = (
			);
			runOnlyForDeploymentPostprocessing = 0;
		};
/* End PBXHeadersBuildPhase section */

/* Begin PBXNativeTarget section */
		C922178E2CE7C985006C34BC /* MastodonAPI */ = {
			isa = PBXNativeTarget;
			buildConfigurationList = C92217952CE7C985006C34BC /* Build configuration list for PBXNativeTarget "MastodonAPI" */;
			buildPhases = (
				C922178B2CE7C985006C34BC /* Headers */,
				C922178C2CE7C985006C34BC /* Sources */,
				C922178D2CE7C985006C34BC /* Frameworks */,
			);
			buildRules = (
			);
			dependencies = (
			);
			name = MastodonAPI;
			packageProductDependencies = (
			);
			productName = MastodonAPI;
			productReference = C922178F2CE7C985006C34BC /* libMastodonAPI.a */;
			productType = "com.apple.product-type.library.static";
		};
		C92217A22CE8D949006C34BC /* BlueskyAPI */ = {
			isa = PBXNativeTarget;
			buildConfigurationList = C92217A92CE8D949006C34BC /* Build configuration list for PBXNativeTarget "BlueskyAPI" */;
			buildPhases = (
				C922179F2CE8D949006C34BC /* Headers */,
				C92217A02CE8D949006C34BC /* Sources */,
				C92217A12CE8D949006C34BC /* Frameworks */,
			);
			buildRules = (
			);
			dependencies = (
			);
			fileSystemSynchronizedGroups = (
				C92217A42CE8D949006C34BC /* BlueskyAPI */,
			);
			name = BlueskyAPI;
			packageProductDependencies = (
			);
			productName = BlueskyAPI;
			productReference = C92217A32CE8D949006C34BC /* libBlueskyAPI.a */;
			productType = "com.apple.product-type.library.static";
		};
		C95FC56F2CE50FF30093AB32 /* Multipass */ = {
			isa = PBXNativeTarget;
			buildConfigurationList = C95FC5952CE50FF40093AB32 /* Build configuration list for PBXNativeTarget "Multipass" */;
			buildPhases = (
				C95FC56C2CE50FF30093AB32 /* Sources */,
				C95FC56D2CE50FF30093AB32 /* Frameworks */,
				C95FC56E2CE50FF30093AB32 /* Resources */,
			);
			buildRules = (
			);
			dependencies = (
			);
			fileSystemSynchronizedGroups = (
				C95FC5722CE50FF30093AB32 /* Multipass */,
			);
			name = Multipass;
			packageProductDependencies = (
				C95FC59F2CE5122D0093AB32 /* OAuthenticator */,
				C95FC5B22CE536B70093AB32 /* Valet */,
			);
			productName = Multipass;
			productReference = C95FC5702CE50FF30093AB32 /* Multipass.app */;
			productType = "com.apple.product-type.application";
		};
		C95FC5802CE50FF40093AB32 /* MultipassTests */ = {
			isa = PBXNativeTarget;
			buildConfigurationList = C95FC5982CE50FF40093AB32 /* Build configuration list for PBXNativeTarget "MultipassTests" */;
			buildPhases = (
				C95FC57D2CE50FF40093AB32 /* Sources */,
				C95FC57E2CE50FF40093AB32 /* Frameworks */,
				C95FC57F2CE50FF40093AB32 /* Resources */,
			);
			buildRules = (
			);
			dependencies = (
				C95FC5832CE50FF40093AB32 /* PBXTargetDependency */,
			);
			fileSystemSynchronizedGroups = (
				C95FC5842CE50FF40093AB32 /* MultipassTests */,
			);
			name = MultipassTests;
			packageProductDependencies = (
			);
			productName = MultipassTests;
			productReference = C95FC5812CE50FF40093AB32 /* MultipassTests.xctest */;
			productType = "com.apple.product-type.bundle.unit-test";
		};
		C95FC58A2CE50FF40093AB32 /* MultipassUITests */ = {
			isa = PBXNativeTarget;
			buildConfigurationList = C95FC59B2CE50FF40093AB32 /* Build configuration list for PBXNativeTarget "MultipassUITests" */;
			buildPhases = (
				C95FC5872CE50FF40093AB32 /* Sources */,
				C95FC5882CE50FF40093AB32 /* Frameworks */,
				C95FC5892CE50FF40093AB32 /* Resources */,
			);
			buildRules = (
			);
			dependencies = (
				C95FC58D2CE50FF40093AB32 /* PBXTargetDependency */,
			);
			fileSystemSynchronizedGroups = (
				C95FC58E2CE50FF40093AB32 /* MultipassUITests */,
			);
			name = MultipassUITests;
			packageProductDependencies = (
			);
			productName = MultipassUITests;
			productReference = C95FC58B2CE50FF40093AB32 /* MultipassUITests.xctest */;
			productType = "com.apple.product-type.bundle.ui-testing";
		};
		C95FC5BB2CE540980093AB32 /* Utility */ = {
			isa = PBXNativeTarget;
			buildConfigurationList = C95FC5C22CE540980093AB32 /* Build configuration list for PBXNativeTarget "Utility" */;
			buildPhases = (
				C95FC5B82CE540980093AB32 /* Headers */,
				C95FC5B92CE540980093AB32 /* Sources */,
				C95FC5BA2CE540980093AB32 /* Frameworks */,
			);
			buildRules = (
			);
			dependencies = (
			);
			name = Utility;
			packageProductDependencies = (
			);
			productName = Utility;
			productReference = C95FC5BC2CE540980093AB32 /* libUtility.a */;
			productType = "com.apple.product-type.library.static";
		};
/* End PBXNativeTarget section */

/* Begin PBXProject section */
		C95FC5682CE50FF30093AB32 /* Project object */ = {
			isa = PBXProject;
			attributes = {
				BuildIndependentTargetsInParallel = 1;
				LastSwiftUpdateCheck = 1620;
				LastUpgradeCheck = 1620;
				TargetAttributes = {
					C922178E2CE7C985006C34BC = {
						CreatedOnToolsVersion = 16.2;
					};
					C92217A22CE8D949006C34BC = {
						CreatedOnToolsVersion = 16.2;
					};
					C95FC56F2CE50FF30093AB32 = {
						CreatedOnToolsVersion = 16.2;
						LastSwiftMigration = 1620;
					};
					C95FC5802CE50FF40093AB32 = {
						CreatedOnToolsVersion = 16.2;
						TestTargetID = C95FC56F2CE50FF30093AB32;
					};
					C95FC58A2CE50FF40093AB32 = {
						CreatedOnToolsVersion = 16.2;
						TestTargetID = C95FC56F2CE50FF30093AB32;
					};
					C95FC5BB2CE540980093AB32 = {
						CreatedOnToolsVersion = 16.2;
					};
				};
			};
			buildConfigurationList = C95FC56B2CE50FF30093AB32 /* Build configuration list for PBXProject "Multipass" */;
			developmentRegion = en;
			hasScannedForEncodings = 0;
			knownRegions = (
				en,
				Base,
			);
			mainGroup = C95FC5672CE50FF30093AB32;
			minimizedProjectReferenceProxies = 1;
			packageReferences = (
				C95FC59E2CE5122D0093AB32 /* XCRemoteSwiftPackageReference "OAuthenticator" */,
				C95FC5B12CE536B70093AB32 /* XCRemoteSwiftPackageReference "Valet" */,
			);
			preferredProjectObjectVersion = 77;
			productRefGroup = C95FC5712CE50FF30093AB32 /* Products */;
			projectDirPath = "";
			projectRoot = "";
			targets = (
				C95FC56F2CE50FF30093AB32 /* Multipass */,
				C95FC5802CE50FF40093AB32 /* MultipassTests */,
				C95FC58A2CE50FF40093AB32 /* MultipassUITests */,
				C95FC5BB2CE540980093AB32 /* Utility */,
				C922178E2CE7C985006C34BC /* MastodonAPI */,
				C92217A22CE8D949006C34BC /* BlueskyAPI */,
			);
		};
/* End PBXProject section */

/* Begin PBXResourcesBuildPhase section */
		C95FC56E2CE50FF30093AB32 /* Resources */ = {
			isa = PBXResourcesBuildPhase;
			buildActionMask = 2147483647;
			files = (
			);
			runOnlyForDeploymentPostprocessing = 0;
		};
		C95FC57F2CE50FF40093AB32 /* Resources */ = {
			isa = PBXResourcesBuildPhase;
			buildActionMask = 2147483647;
			files = (
			);
			runOnlyForDeploymentPostprocessing = 0;
		};
		C95FC5892CE50FF40093AB32 /* Resources */ = {
			isa = PBXResourcesBuildPhase;
			buildActionMask = 2147483647;
			files = (
			);
			runOnlyForDeploymentPostprocessing = 0;
		};
/* End PBXResourcesBuildPhase section */

/* Begin PBXSourcesBuildPhase section */
		C922178C2CE7C985006C34BC /* Sources */ = {
			isa = PBXSourcesBuildPhase;
			buildActionMask = 2147483647;
			files = (
			);
			runOnlyForDeploymentPostprocessing = 0;
		};
		C92217A02CE8D949006C34BC /* Sources */ = {
			isa = PBXSourcesBuildPhase;
			buildActionMask = 2147483647;
			files = (
			);
			runOnlyForDeploymentPostprocessing = 0;
		};
		C95FC56C2CE50FF30093AB32 /* Sources */ = {
			isa = PBXSourcesBuildPhase;
			buildActionMask = 2147483647;
			files = (
			);
			runOnlyForDeploymentPostprocessing = 0;
		};
		C95FC57D2CE50FF40093AB32 /* Sources */ = {
			isa = PBXSourcesBuildPhase;
			buildActionMask = 2147483647;
			files = (
			);
			runOnlyForDeploymentPostprocessing = 0;
		};
		C95FC5872CE50FF40093AB32 /* Sources */ = {
			isa = PBXSourcesBuildPhase;
			buildActionMask = 2147483647;
			files = (
			);
			runOnlyForDeploymentPostprocessing = 0;
		};
		C95FC5B92CE540980093AB32 /* Sources */ = {
			isa = PBXSourcesBuildPhase;
			buildActionMask = 2147483647;
			files = (
			);
			runOnlyForDeploymentPostprocessing = 0;
		};
/* End PBXSourcesBuildPhase section */

/* Begin PBXTargetDependency section */
		C95FC5832CE50FF40093AB32 /* PBXTargetDependency */ = {
			isa = PBXTargetDependency;
			target = C95FC56F2CE50FF30093AB32 /* Multipass */;
			targetProxy = C95FC5822CE50FF40093AB32 /* PBXContainerItemProxy */;
		};
		C95FC58D2CE50FF40093AB32 /* PBXTargetDependency */ = {
			isa = PBXTargetDependency;
			target = C95FC56F2CE50FF30093AB32 /* Multipass */;
			targetProxy = C95FC58C2CE50FF40093AB32 /* PBXContainerItemProxy */;
		};
/* End PBXTargetDependency section */

/* Begin XCBuildConfiguration section */
		C92217962CE7C985006C34BC /* Debug */ = {
			isa = XCBuildConfiguration;
			buildSettings = {
				CODE_SIGN_STYLE = Automatic;
				EXECUTABLE_PREFIX = lib;
				MACOSX_DEPLOYMENT_TARGET = 15.1;
				PRODUCT_NAME = "$(TARGET_NAME)";
				SDKROOT = macosx;
				SKIP_INSTALL = YES;
			};
			name = Debug;
		};
		C92217972CE7C985006C34BC /* Release */ = {
			isa = XCBuildConfiguration;
			buildSettings = {
				CODE_SIGN_STYLE = Automatic;
				EXECUTABLE_PREFIX = lib;
				MACOSX_DEPLOYMENT_TARGET = 15.1;
				PRODUCT_NAME = "$(TARGET_NAME)";
				SDKROOT = macosx;
				SKIP_INSTALL = YES;
			};
			name = Release;
		};
		C92217AA2CE8D949006C34BC /* Debug */ = {
			isa = XCBuildConfiguration;
			buildSettings = {
				CODE_SIGN_STYLE = Automatic;
				DEVELOPMENT_TEAM = 77X93NZ3G2;
				EXECUTABLE_PREFIX = lib;
				MACOSX_DEPLOYMENT_TARGET = 15.1;
				PRODUCT_NAME = "$(TARGET_NAME)";
				SDKROOT = macosx;
				SKIP_INSTALL = YES;
			};
			name = Debug;
		};
		C92217AB2CE8D949006C34BC /* Release */ = {
			isa = XCBuildConfiguration;
			buildSettings = {
				CODE_SIGN_STYLE = Automatic;
				DEVELOPMENT_TEAM = 77X93NZ3G2;
				EXECUTABLE_PREFIX = lib;
				MACOSX_DEPLOYMENT_TARGET = 15.1;
				PRODUCT_NAME = "$(TARGET_NAME)";
				SDKROOT = macosx;
				SKIP_INSTALL = YES;
			};
			name = Release;
		};
		C95FC5932CE50FF40093AB32 /* Debug */ = {
			isa = XCBuildConfiguration;
			baseConfigurationReferenceAnchor = C95FC5B42CE5399C0093AB32 /* Configurations */;
			baseConfigurationReferenceRelativePath = Project.xcconfig;
			buildSettings = {
				ALWAYS_SEARCH_USER_PATHS = NO;
				ASSETCATALOG_COMPILER_GENERATE_SWIFT_ASSET_SYMBOL_EXTENSIONS = YES;
				CLANG_ANALYZER_NONNULL = YES;
				CLANG_ANALYZER_NUMBER_OBJECT_CONVERSION = YES_AGGRESSIVE;
				CLANG_CXX_LANGUAGE_STANDARD = "gnu++20";
				CLANG_ENABLE_MODULES = YES;
				CLANG_ENABLE_OBJC_ARC = YES;
				CLANG_ENABLE_OBJC_WEAK = YES;
				CLANG_WARN_BLOCK_CAPTURE_AUTORELEASING = YES;
				CLANG_WARN_BOOL_CONVERSION = YES;
				CLANG_WARN_COMMA = YES;
				CLANG_WARN_CONSTANT_CONVERSION = YES;
				CLANG_WARN_DEPRECATED_OBJC_IMPLEMENTATIONS = YES;
				CLANG_WARN_DIRECT_OBJC_ISA_USAGE = YES_ERROR;
				CLANG_WARN_DOCUMENTATION_COMMENTS = YES;
				CLANG_WARN_EMPTY_BODY = YES;
				CLANG_WARN_ENUM_CONVERSION = YES;
				CLANG_WARN_INFINITE_RECURSION = YES;
				CLANG_WARN_INT_CONVERSION = YES;
				CLANG_WARN_NON_LITERAL_NULL_CONVERSION = YES;
				CLANG_WARN_OBJC_IMPLICIT_RETAIN_SELF = YES;
				CLANG_WARN_OBJC_LITERAL_CONVERSION = YES;
				CLANG_WARN_OBJC_ROOT_CLASS = YES_ERROR;
				CLANG_WARN_QUOTED_INCLUDE_IN_FRAMEWORK_HEADER = YES;
				CLANG_WARN_RANGE_LOOP_ANALYSIS = YES;
				CLANG_WARN_STRICT_PROTOTYPES = YES;
				CLANG_WARN_SUSPICIOUS_MOVE = YES;
				CLANG_WARN_UNGUARDED_AVAILABILITY = YES_AGGRESSIVE;
				CLANG_WARN_UNREACHABLE_CODE = YES;
				CLANG_WARN__DUPLICATE_METHOD_MATCH = YES;
				COPY_PHASE_STRIP = NO;
				DEBUG_INFORMATION_FORMAT = dwarf;
				ENABLE_STRICT_OBJC_MSGSEND = YES;
				ENABLE_TESTABILITY = YES;
				ENABLE_USER_SCRIPT_SANDBOXING = YES;
				GCC_C_LANGUAGE_STANDARD = gnu17;
				GCC_DYNAMIC_NO_PIC = NO;
				GCC_NO_COMMON_BLOCKS = YES;
				GCC_OPTIMIZATION_LEVEL = 0;
				GCC_PREPROCESSOR_DEFINITIONS = (
					"DEBUG=1",
					"$(inherited)",
				);
				GCC_WARN_64_TO_32_BIT_CONVERSION = YES;
				GCC_WARN_ABOUT_RETURN_TYPE = YES_ERROR;
				GCC_WARN_UNDECLARED_SELECTOR = YES;
				GCC_WARN_UNINITIALIZED_AUTOS = YES_AGGRESSIVE;
				GCC_WARN_UNUSED_FUNCTION = YES;
				GCC_WARN_UNUSED_VARIABLE = YES;
				LOCALIZATION_PREFERS_STRING_CATALOGS = YES;
				MTL_ENABLE_DEBUG_INFO = INCLUDE_SOURCE;
				MTL_FAST_MATH = YES;
				ONLY_ACTIVE_ARCH = YES;
				SWIFT_ACTIVE_COMPILATION_CONDITIONS = "DEBUG $(inherited)";
				SWIFT_OPTIMIZATION_LEVEL = "-Onone";
			};
			name = Debug;
		};
		C95FC5942CE50FF40093AB32 /* Release */ = {
			isa = XCBuildConfiguration;
			baseConfigurationReferenceAnchor = C95FC5B42CE5399C0093AB32 /* Configurations */;
			baseConfigurationReferenceRelativePath = Project.xcconfig;
			buildSettings = {
				ALWAYS_SEARCH_USER_PATHS = NO;
				ASSETCATALOG_COMPILER_GENERATE_SWIFT_ASSET_SYMBOL_EXTENSIONS = YES;
				CLANG_ANALYZER_NONNULL = YES;
				CLANG_ANALYZER_NUMBER_OBJECT_CONVERSION = YES_AGGRESSIVE;
				CLANG_CXX_LANGUAGE_STANDARD = "gnu++20";
				CLANG_ENABLE_MODULES = YES;
				CLANG_ENABLE_OBJC_ARC = YES;
				CLANG_ENABLE_OBJC_WEAK = YES;
				CLANG_WARN_BLOCK_CAPTURE_AUTORELEASING = YES;
				CLANG_WARN_BOOL_CONVERSION = YES;
				CLANG_WARN_COMMA = YES;
				CLANG_WARN_CONSTANT_CONVERSION = YES;
				CLANG_WARN_DEPRECATED_OBJC_IMPLEMENTATIONS = YES;
				CLANG_WARN_DIRECT_OBJC_ISA_USAGE = YES_ERROR;
				CLANG_WARN_DOCUMENTATION_COMMENTS = YES;
				CLANG_WARN_EMPTY_BODY = YES;
				CLANG_WARN_ENUM_CONVERSION = YES;
				CLANG_WARN_INFINITE_RECURSION = YES;
				CLANG_WARN_INT_CONVERSION = YES;
				CLANG_WARN_NON_LITERAL_NULL_CONVERSION = YES;
				CLANG_WARN_OBJC_IMPLICIT_RETAIN_SELF = YES;
				CLANG_WARN_OBJC_LITERAL_CONVERSION = YES;
				CLANG_WARN_OBJC_ROOT_CLASS = YES_ERROR;
				CLANG_WARN_QUOTED_INCLUDE_IN_FRAMEWORK_HEADER = YES;
				CLANG_WARN_RANGE_LOOP_ANALYSIS = YES;
				CLANG_WARN_STRICT_PROTOTYPES = YES;
				CLANG_WARN_SUSPICIOUS_MOVE = YES;
				CLANG_WARN_UNGUARDED_AVAILABILITY = YES_AGGRESSIVE;
				CLANG_WARN_UNREACHABLE_CODE = YES;
				CLANG_WARN__DUPLICATE_METHOD_MATCH = YES;
				COPY_PHASE_STRIP = NO;
				DEBUG_INFORMATION_FORMAT = "dwarf-with-dsym";
				ENABLE_NS_ASSERTIONS = NO;
				ENABLE_STRICT_OBJC_MSGSEND = YES;
				ENABLE_USER_SCRIPT_SANDBOXING = YES;
				GCC_C_LANGUAGE_STANDARD = gnu17;
				GCC_NO_COMMON_BLOCKS = YES;
				GCC_WARN_64_TO_32_BIT_CONVERSION = YES;
				GCC_WARN_ABOUT_RETURN_TYPE = YES_ERROR;
				GCC_WARN_UNDECLARED_SELECTOR = YES;
				GCC_WARN_UNINITIALIZED_AUTOS = YES_AGGRESSIVE;
				GCC_WARN_UNUSED_FUNCTION = YES;
				GCC_WARN_UNUSED_VARIABLE = YES;
				LOCALIZATION_PREFERS_STRING_CATALOGS = YES;
				MTL_ENABLE_DEBUG_INFO = NO;
				MTL_FAST_MATH = YES;
				SWIFT_COMPILATION_MODE = wholemodule;
			};
			name = Release;
		};
		C95FC5962CE50FF40093AB32 /* Debug */ = {
			isa = XCBuildConfiguration;
			buildSettings = {
				ASSETCATALOG_COMPILER_APPICON_NAME = AppIcon;
				ASSETCATALOG_COMPILER_GLOBAL_ACCENT_COLOR_NAME = AccentColor;
				CLANG_ENABLE_MODULES = YES;
				CODE_SIGN_ENTITLEMENTS = Multipass/Multipass.entitlements;
				CODE_SIGN_STYLE = Automatic;
				CURRENT_PROJECT_VERSION = 1;
				DEVELOPMENT_ASSET_PATHS = "\"Multipass/Preview Content\"";
				ENABLE_PREVIEWS = YES;
				GENERATE_INFOPLIST_FILE = YES;
				"INFOPLIST_KEY_UIApplicationSceneManifest_Generation[sdk=iphoneos*]" = YES;
				"INFOPLIST_KEY_UIApplicationSceneManifest_Generation[sdk=iphonesimulator*]" = YES;
				"INFOPLIST_KEY_UIApplicationSupportsIndirectInputEvents[sdk=iphoneos*]" = YES;
				"INFOPLIST_KEY_UIApplicationSupportsIndirectInputEvents[sdk=iphonesimulator*]" = YES;
				"INFOPLIST_KEY_UILaunchScreen_Generation[sdk=iphoneos*]" = YES;
				"INFOPLIST_KEY_UILaunchScreen_Generation[sdk=iphonesimulator*]" = YES;
				"INFOPLIST_KEY_UIStatusBarStyle[sdk=iphoneos*]" = UIStatusBarStyleDefault;
				"INFOPLIST_KEY_UIStatusBarStyle[sdk=iphonesimulator*]" = UIStatusBarStyleDefault;
				INFOPLIST_KEY_UISupportedInterfaceOrientations_iPad = "UIInterfaceOrientationPortrait UIInterfaceOrientationPortraitUpsideDown UIInterfaceOrientationLandscapeLeft UIInterfaceOrientationLandscapeRight";
				INFOPLIST_KEY_UISupportedInterfaceOrientations_iPhone = "UIInterfaceOrientationPortrait UIInterfaceOrientationLandscapeLeft UIInterfaceOrientationLandscapeRight";
				IPHONEOS_DEPLOYMENT_TARGET = 18.2;
				LD_RUNPATH_SEARCH_PATHS = "@executable_path/Frameworks";
				"LD_RUNPATH_SEARCH_PATHS[sdk=macosx*]" = "@executable_path/../Frameworks";
				MACOSX_DEPLOYMENT_TARGET = 15.1;
				MARKETING_VERSION = 1.0;
				PRODUCT_BUNDLE_IDENTIFIER = com.chimehq.MultipassTest;
				PRODUCT_NAME = "$(TARGET_NAME)";
				SDKROOT = auto;
				SUPPORTED_PLATFORMS = "iphoneos iphonesimulator macosx xros xrsimulator";
				SWIFT_EMIT_LOC_STRINGS = YES;
				SWIFT_OPTIMIZATION_LEVEL = "-Onone";
				TARGETED_DEVICE_FAMILY = "1,2,7";
				XROS_DEPLOYMENT_TARGET = 2.2;
			};
			name = Debug;
		};
		C95FC5972CE50FF40093AB32 /* Release */ = {
			isa = XCBuildConfiguration;
			buildSettings = {
				ASSETCATALOG_COMPILER_APPICON_NAME = AppIcon;
				ASSETCATALOG_COMPILER_GLOBAL_ACCENT_COLOR_NAME = AccentColor;
				CLANG_ENABLE_MODULES = YES;
				CODE_SIGN_ENTITLEMENTS = Multipass/Multipass.entitlements;
				CODE_SIGN_STYLE = Automatic;
				CURRENT_PROJECT_VERSION = 1;
				DEVELOPMENT_ASSET_PATHS = "\"Multipass/Preview Content\"";
				ENABLE_PREVIEWS = YES;
				GENERATE_INFOPLIST_FILE = YES;
				"INFOPLIST_KEY_UIApplicationSceneManifest_Generation[sdk=iphoneos*]" = YES;
				"INFOPLIST_KEY_UIApplicationSceneManifest_Generation[sdk=iphonesimulator*]" = YES;
				"INFOPLIST_KEY_UIApplicationSupportsIndirectInputEvents[sdk=iphoneos*]" = YES;
				"INFOPLIST_KEY_UIApplicationSupportsIndirectInputEvents[sdk=iphonesimulator*]" = YES;
				"INFOPLIST_KEY_UILaunchScreen_Generation[sdk=iphoneos*]" = YES;
				"INFOPLIST_KEY_UILaunchScreen_Generation[sdk=iphonesimulator*]" = YES;
				"INFOPLIST_KEY_UIStatusBarStyle[sdk=iphoneos*]" = UIStatusBarStyleDefault;
				"INFOPLIST_KEY_UIStatusBarStyle[sdk=iphonesimulator*]" = UIStatusBarStyleDefault;
				INFOPLIST_KEY_UISupportedInterfaceOrientations_iPad = "UIInterfaceOrientationPortrait UIInterfaceOrientationPortraitUpsideDown UIInterfaceOrientationLandscapeLeft UIInterfaceOrientationLandscapeRight";
				INFOPLIST_KEY_UISupportedInterfaceOrientations_iPhone = "UIInterfaceOrientationPortrait UIInterfaceOrientationLandscapeLeft UIInterfaceOrientationLandscapeRight";
				IPHONEOS_DEPLOYMENT_TARGET = 18.2;
				LD_RUNPATH_SEARCH_PATHS = "@executable_path/Frameworks";
				"LD_RUNPATH_SEARCH_PATHS[sdk=macosx*]" = "@executable_path/../Frameworks";
				MACOSX_DEPLOYMENT_TARGET = 15.1;
				MARKETING_VERSION = 1.0;
				PRODUCT_BUNDLE_IDENTIFIER = com.chimehq.MultipassTest;
				PRODUCT_NAME = "$(TARGET_NAME)";
				SDKROOT = auto;
				SUPPORTED_PLATFORMS = "iphoneos iphonesimulator macosx xros xrsimulator";
				SWIFT_EMIT_LOC_STRINGS = YES;
				TARGETED_DEVICE_FAMILY = "1,2,7";
				XROS_DEPLOYMENT_TARGET = 2.2;
			};
			name = Release;
		};
		C95FC5992CE50FF40093AB32 /* Debug */ = {
			isa = XCBuildConfiguration;
			buildSettings = {
				BUNDLE_LOADER = "$(TEST_HOST)";
				CODE_SIGN_STYLE = Automatic;
				CURRENT_PROJECT_VERSION = 1;
				GENERATE_INFOPLIST_FILE = YES;
				IPHONEOS_DEPLOYMENT_TARGET = 18.2;
				MACOSX_DEPLOYMENT_TARGET = 15.1;
				MARKETING_VERSION = 1.0;
				PRODUCT_BUNDLE_IDENTIFIER = com.chimehq.MultipassTests;
				PRODUCT_NAME = "$(TARGET_NAME)";
				SDKROOT = auto;
				SUPPORTED_PLATFORMS = "iphoneos iphonesimulator macosx xros xrsimulator";
				SWIFT_EMIT_LOC_STRINGS = NO;
				TARGETED_DEVICE_FAMILY = "1,2,7";
				TEST_HOST = "$(BUILT_PRODUCTS_DIR)/Multipass.app/$(BUNDLE_EXECUTABLE_FOLDER_PATH)/Multipass";
				XROS_DEPLOYMENT_TARGET = 2.2;
			};
			name = Debug;
		};
		C95FC59A2CE50FF40093AB32 /* Release */ = {
			isa = XCBuildConfiguration;
			buildSettings = {
				BUNDLE_LOADER = "$(TEST_HOST)";
				CODE_SIGN_STYLE = Automatic;
				CURRENT_PROJECT_VERSION = 1;
				GENERATE_INFOPLIST_FILE = YES;
				IPHONEOS_DEPLOYMENT_TARGET = 18.2;
				MACOSX_DEPLOYMENT_TARGET = 15.1;
				MARKETING_VERSION = 1.0;
				PRODUCT_BUNDLE_IDENTIFIER = com.chimehq.MultipassTests;
				PRODUCT_NAME = "$(TARGET_NAME)";
				SDKROOT = auto;
				SUPPORTED_PLATFORMS = "iphoneos iphonesimulator macosx xros xrsimulator";
				SWIFT_EMIT_LOC_STRINGS = NO;
				TARGETED_DEVICE_FAMILY = "1,2,7";
				TEST_HOST = "$(BUILT_PRODUCTS_DIR)/Multipass.app/$(BUNDLE_EXECUTABLE_FOLDER_PATH)/Multipass";
				XROS_DEPLOYMENT_TARGET = 2.2;
			};
			name = Release;
		};
		C95FC59C2CE50FF40093AB32 /* Debug */ = {
			isa = XCBuildConfiguration;
			buildSettings = {
				CODE_SIGN_STYLE = Automatic;
				CURRENT_PROJECT_VERSION = 1;
				GENERATE_INFOPLIST_FILE = YES;
				IPHONEOS_DEPLOYMENT_TARGET = 18.2;
				MACOSX_DEPLOYMENT_TARGET = 15.1;
				MARKETING_VERSION = 1.0;
				PRODUCT_BUNDLE_IDENTIFIER = com.chimehq.MultipassUITests;
				PRODUCT_NAME = "$(TARGET_NAME)";
				SDKROOT = auto;
				SUPPORTED_PLATFORMS = "iphoneos iphonesimulator macosx xros xrsimulator";
				SWIFT_EMIT_LOC_STRINGS = NO;
				TARGETED_DEVICE_FAMILY = "1,2,7";
				TEST_TARGET_NAME = Multipass;
				XROS_DEPLOYMENT_TARGET = 2.2;
			};
			name = Debug;
		};
		C95FC59D2CE50FF40093AB32 /* Release */ = {
			isa = XCBuildConfiguration;
			buildSettings = {
				CODE_SIGN_STYLE = Automatic;
				CURRENT_PROJECT_VERSION = 1;
				GENERATE_INFOPLIST_FILE = YES;
				IPHONEOS_DEPLOYMENT_TARGET = 18.2;
				MACOSX_DEPLOYMENT_TARGET = 15.1;
				MARKETING_VERSION = 1.0;
				PRODUCT_BUNDLE_IDENTIFIER = com.chimehq.MultipassUITests;
				PRODUCT_NAME = "$(TARGET_NAME)";
				SDKROOT = auto;
				SUPPORTED_PLATFORMS = "iphoneos iphonesimulator macosx xros xrsimulator";
				SWIFT_EMIT_LOC_STRINGS = NO;
				TARGETED_DEVICE_FAMILY = "1,2,7";
				TEST_TARGET_NAME = Multipass;
				XROS_DEPLOYMENT_TARGET = 2.2;
			};
			name = Release;
		};
		C95FC5C32CE540980093AB32 /* Debug */ = {
			isa = XCBuildConfiguration;
			baseConfigurationReferenceAnchor = C95FC5722CE50FF30093AB32 /* Multipass */;
			baseConfigurationReferenceRelativePath = Modules/Utility/Utility.xcconfig;
			buildSettings = {
				CODE_SIGN_STYLE = Automatic;
				EXECUTABLE_PREFIX = lib;
				MACOSX_DEPLOYMENT_TARGET = 15.1;
				PRODUCT_NAME = "$(TARGET_NAME)";
				SDKROOT = macosx;
				SKIP_INSTALL = YES;
			};
			name = Debug;
		};
		C95FC5C42CE540980093AB32 /* Release */ = {
			isa = XCBuildConfiguration;
			baseConfigurationReferenceAnchor = C95FC5722CE50FF30093AB32 /* Multipass */;
			baseConfigurationReferenceRelativePath = Modules/Utility/Utility.xcconfig;
			buildSettings = {
				CODE_SIGN_STYLE = Automatic;
				EXECUTABLE_PREFIX = lib;
				MACOSX_DEPLOYMENT_TARGET = 15.1;
				PRODUCT_NAME = "$(TARGET_NAME)";
				SDKROOT = macosx;
				SKIP_INSTALL = YES;
			};
			name = Release;
		};
/* End XCBuildConfiguration section */

/* Begin XCConfigurationList section */
		C92217952CE7C985006C34BC /* Build configuration list for PBXNativeTarget "MastodonAPI" */ = {
			isa = XCConfigurationList;
			buildConfigurations = (
				C92217962CE7C985006C34BC /* Debug */,
				C92217972CE7C985006C34BC /* Release */,
			);
			defaultConfigurationIsVisible = 0;
			defaultConfigurationName = Release;
		};
		C92217A92CE8D949006C34BC /* Build configuration list for PBXNativeTarget "BlueskyAPI" */ = {
			isa = XCConfigurationList;
			buildConfigurations = (
				C92217AA2CE8D949006C34BC /* Debug */,
				C92217AB2CE8D949006C34BC /* Release */,
			);
			defaultConfigurationIsVisible = 0;
			defaultConfigurationName = Release;
		};
		C95FC56B2CE50FF30093AB32 /* Build configuration list for PBXProject "Multipass" */ = {
			isa = XCConfigurationList;
			buildConfigurations = (
				C95FC5932CE50FF40093AB32 /* Debug */,
				C95FC5942CE50FF40093AB32 /* Release */,
			);
			defaultConfigurationIsVisible = 0;
			defaultConfigurationName = Release;
		};
		C95FC5952CE50FF40093AB32 /* Build configuration list for PBXNativeTarget "Multipass" */ = {
			isa = XCConfigurationList;
			buildConfigurations = (
				C95FC5962CE50FF40093AB32 /* Debug */,
				C95FC5972CE50FF40093AB32 /* Release */,
			);
			defaultConfigurationIsVisible = 0;
			defaultConfigurationName = Release;
		};
		C95FC5982CE50FF40093AB32 /* Build configuration list for PBXNativeTarget "MultipassTests" */ = {
			isa = XCConfigurationList;
			buildConfigurations = (
				C95FC5992CE50FF40093AB32 /* Debug */,
				C95FC59A2CE50FF40093AB32 /* Release */,
			);
			defaultConfigurationIsVisible = 0;
			defaultConfigurationName = Release;
		};
		C95FC59B2CE50FF40093AB32 /* Build configuration list for PBXNativeTarget "MultipassUITests" */ = {
			isa = XCConfigurationList;
			buildConfigurations = (
				C95FC59C2CE50FF40093AB32 /* Debug */,
				C95FC59D2CE50FF40093AB32 /* Release */,
			);
			defaultConfigurationIsVisible = 0;
			defaultConfigurationName = Release;
		};
		C95FC5C22CE540980093AB32 /* Build configuration list for PBXNativeTarget "Utility" */ = {
			isa = XCConfigurationList;
			buildConfigurations = (
				C95FC5C32CE540980093AB32 /* Debug */,
				C95FC5C42CE540980093AB32 /* Release */,
			);
			defaultConfigurationIsVisible = 0;
			defaultConfigurationName = Release;
		};
/* End XCConfigurationList section */

/* Begin XCRemoteSwiftPackageReference section */
		C95FC59E2CE5122D0093AB32 /* XCRemoteSwiftPackageReference "OAuthenticator" */ = {
			isa = XCRemoteSwiftPackageReference;
			repositoryURL = "https://github.com/ChimeHQ/OAuthenticator.git";
			requirement = {
				branch = swift6;
				kind = branch;
			};
		};
		C95FC5B12CE536B70093AB32 /* XCRemoteSwiftPackageReference "Valet" */ = {
			isa = XCRemoteSwiftPackageReference;
			repositoryURL = "https://github.com/square/Valet";
			requirement = {
				kind = upToNextMajorVersion;
				minimumVersion = 5.0.0;
			};
		};
/* End XCRemoteSwiftPackageReference section */

/* Begin XCSwiftPackageProductDependency section */
		C95FC59F2CE5122D0093AB32 /* OAuthenticator */ = {
			isa = XCSwiftPackageProductDependency;
			package = C95FC59E2CE5122D0093AB32 /* XCRemoteSwiftPackageReference "OAuthenticator" */;
			productName = OAuthenticator;
		};
		C95FC5B22CE536B70093AB32 /* Valet */ = {
			isa = XCSwiftPackageProductDependency;
			package = C95FC5B12CE536B70093AB32 /* XCRemoteSwiftPackageReference "Valet" */;
			productName = Valet;
		};
/* End XCSwiftPackageProductDependency section */
	};
	rootObject = C95FC5682CE50FF30093AB32 /* Project object */;
}
