{
  "originHash" : "da0e5ba9af648a46b69074f1b4d6471fe5fa47f726c93b4ee1b4a9c3cfe114cb",
  "pins" : [
    {
      "identity" : "atat",
      "kind" : "remoteSourceControl",
      "location" : "https://github.com/mattmassicotte/ATAT",
      "state" : {
        "branch" : "main",
        "revision" : "7bcb5858b756d5507d0bcbb3b6359ef7a21daa74"
      }
    },
    {
      "identity" : "atresolve",
      "kind" : "remoteSourceControl",
      "location" : "https://github.com/mattmassicotte/ATResolve",
      "state" : {
        "branch" : "main",
        "revision" : "6d86cb8b2bfcdb4ed2560fd3c638c232d87cc7f4"
      }
    },
    {
      "identity" : "empire",
      "kind" : "remoteSourceControl",
      "location" : "https://github.com/mattmassicotte/Empire",
      "state" : {
        "branch" : "main",
        "revision" : "fe65f335e4afab72172ed8c3c5436a55f54667ac"
      }
    },
    {
      "identity" : "jot",
      "kind" : "remoteSourceControl",
      "location" : "https://github.com/mattmassicotte/Jot",
      "state" : {
        "branch" : "main",
        "revision" : "0826782b0489dc76249b5def7d69f38684e5cb7f"
      }
    },
    {
      "identity" : "oauthenticator",
      "kind" : "remoteSourceControl",
      "location" : "https://github.com/ChimeHQ/OAuthenticator.git",
      "state" : {
        "branch" : "main",
        "revision" : "ffe2854423475976b2b9c404a104180a678eb48e"
      }
    },
    {
      "identity" : "reblog",
      "kind" : "remoteSourceControl",
      "location" : "https://github.com/mattmassicotte/Reblog",
      "state" : {
        "branch" : "main",
        "revision" : "2840bc217873068b4c9da891dc6ceec122ad6e37"
      }
    },
    {
      "identity" : "swift-async-dns-resolver",
      "kind" : "remoteSourceControl",
      "location" : "https://github.com/apple/swift-async-dns-resolver.git",
      "state" : {
        "revision" : "08c07ff31a745ee5e522ac10132fb4949834d925",
        "version" : "0.4.0"
      }
    },
    {
      "identity" : "swift-syntax",
      "kind" : "remoteSourceControl",
      "location" : "https://github.com/swiftlang/swift-syntax.git",
      "state" : {
        "revision" : "f99ae8aa18f0cf0d53481901f88a0991dc3bd4a2",
        "version" : "601.0.1"
      }
    },
    {
      "identity" : "valet",
      "kind" : "remoteSourceControl",
      "location" : "https://github.com/square/Valet",
      "state" : {
        "revision" : "05c9e514fbd352a6866877ca31326b4e0b7d6d01",
        "version" : "5.0.0"
      }
    }
  ],
  "version" : 3
}
