{
  "originHash" : "251896a968c69589309d634ae3e04130a253c8fe72ff843802ff15294246ca02",
  "pins" : [
    {
      "identity" : "atat",
      "kind" : "remoteSourceControl",
      "location" : "https://github.com/mattmassicotte/ATAT",
      "state" : {
        "branch" : "main",
        "revision" : "6b9a4bb249677e12f61e692e044f0f805a277f98"
      }
    },
    {
      "identity" : "atresolve",
      "kind" : "remoteSourceControl",
      "location" : "https://github.com/mattmassicotte/ATResolve",
      "state" : {
        "branch" : "main",
        "revision" : "4f63a616e39af8267542b39965a8ad72cee52a6a"
      }
    },
    {
      "identity" : "cryptoswift",
      "kind" : "remoteSourceControl",
      "location" : "https://github.com/krzyzanowskim/CryptoSwift.git",
      "state" : {
        "revision" : "678d442c6f7828def400a70ae15968aef67ef52d",
        "version" : "1.8.3"
      }
    },
    {
      "identity" : "jose-swift",
      "kind" : "remoteSourceControl",
      "location" : "https://github.com/beatt83/jose-swift",
      "state" : {
        "revision" : "57fe5a03c83feaf73a84b23c02e641f86482e313",
        "version" : "4.0.2"
      }
    },
    {
      "identity" : "oauthenticator",
      "kind" : "remoteSourceControl",
      "location" : "https://github.com/ChimeHQ/OAuthenticator.git",
      "state" : {
        "revision" : "84cd5563b68bb004f9a1fa4ba4da728b4d5fd1b7"
      }
    },
    {
      "identity" : "reblog",
      "kind" : "remoteSourceControl",
      "location" : "https://github.com/mattmassicotte/Reblog",
      "state" : {
        "branch" : "main",
        "revision" : "59b2f08b74613ddbfd261d67924cfd0a0aa0c6ce"
      }
    },
    {
      "identity" : "secp256k1.swift",
      "kind" : "remoteSourceControl",
      "location" : "https://github.com/GigaBitcoin/secp256k1.swift.git",
      "state" : {
        "revision" : "4c77c7384768acf1093d66ccaacf298d322b10b7",
        "version" : "0.15.0"
      }
    },
    {
      "identity" : "swift-async-dns-resolver",
      "kind" : "remoteSourceControl",
      "location" : "https://github.com/apple/swift-async-dns-resolver.git",
      "state" : {
        "revision" : "08c07ff31a745ee5e522ac10132fb4949834d925",
        "version" : "0.4.0"
      }
    },
    {
      "identity" : "valet",
      "kind" : "remoteSourceControl",
      "location" : "https://github.com/square/Valet",
      "state" : {
        "revision" : "05c9e514fbd352a6866877ca31326b4e0b7d6d01",
        "version" : "5.0.0"
      }
    }
  ],
  "version" : 3
}
