{
  "originHash" : "d1648e5839297366a1e756a18e30fcda911ec1223887f6de7ce472ecafb2b168",
  "pins" : [
    {
      "identity" : "oauthenticator",
      "kind" : "remoteSourceControl",
      "location" : "https://github.com/ChimeHQ/OAuthenticator.git",
      "state" : {
        "branch" : "swift6",
        "revision" : "892dbb0da966a1a2506ae07486eca42a1bcf7e30"
      }
    },
    {
      "identity" : "swiftsoup",
      "kind" : "remoteSourceControl",
      "location" : "https://github.com/scinfu/SwiftSoup",
      "state" : {
        "revision" : "0837db354faf9c9deb710dc597046edaadf5360f",
        "version" : "2.7.6"
      }
    },
    {
      "identity" : "valet",
      "kind" : "remoteSourceControl",
      "location" : "https://github.com/square/Valet",
      "state" : {
        "revision" : "05c9e514fbd352a6866877ca31326b4e0b7d6d01",
        "version" : "5.0.0"
      }
    }
  ],
  "version" : 3
}
